PODS:
  - Charts (3.4.0):
    - Charts/Core (= 3.4.0)
  - Charts/Core (3.4.0)
  - lottie-ios (3.1.6)
  - Nimble (8.0.5)
  - Quick (2.2.0)
  - SnapKit (5.0.1)

DEPENDENCIES:
  - Charts
  - lottie-ios
  - Nimble
  - Quick
  - SnapKit (~> 5.0.0)

SPEC REPOS:
  trunk:
    - Charts
    - lottie-ios
    - Nimble
    - Quick
    - SnapKit

SPEC CHECKSUMS:
  Charts: 74c9f256eaf0460c0c416522d1cf8c634ea6b286
  lottie-ios: 85ce835dd8c53e02509f20729fc7d6a4e6645a0a
  Nimble: 4ab1aeb9b45553c75b9687196b0fa0713170a332
  Quick: 7fb19e13be07b5dfb3b90d4f9824c855a11af40e
  SnapKit: 97b92857e3df3a0c71833cce143274bf6ef8e5eb

PODFILE CHECKSUM: bfc77a76048935c0ba3aa235bdc3c785446f9506

COCOAPODS: 1.9.1
