// !$*UTF8*$!
{
	archiveVersion = 1;
	classes = {
	};
	objectVersion = 50;
	objects = {

/* Begin PBXBuildFile section */
		16DC60A3AF02836CD3C82E04 /* libPods-stocks.a in Frameworks */ = {isa = PBXBuildFile; fileRef = 3F38C27A375518FF5CD390CB /* libPods-stocks.a */; };
		52108CD9241FCA39000A472B /* KeyMetrics.swift in Sources */ = {isa = PBXBuildFile; fileRef = 52108CD8241FCA39000A472B /* KeyMetrics.swift */; };
		52108CDB241FCA7C000A472B /* GrowthMetrics.swift in Sources */ = {isa = PBXBuildFile; fileRef = 52108CDA241FCA7C000A472B /* GrowthMetrics.swift */; };
		52108CDD241FCB5E000A472B /* Stock+Api.swift in Sources */ = {isa = PBXBuildFile; fileRef = 52108CDC241FCB5E000A472B /* Stock+Api.swift */; };
		52108D282421661F000A472B /* Util.swift in Sources */ = {isa = PBXBuildFile; fileRef = 52108D272421661E000A472B /* Util.swift */; };
		5245609923FC7685003686BE /* AppDelegate.swift in Sources */ = {isa = PBXBuildFile; fileRef = 5245609823FC7685003686BE /* AppDelegate.swift */; };
		5245609B23FC7685003686BE /* SceneDelegate.swift in Sources */ = {isa = PBXBuildFile; fileRef = 5245609A23FC7685003686BE /* SceneDelegate.swift */; };
		5245609D23FC7685003686BE /* ListViewController.swift in Sources */ = {isa = PBXBuildFile; fileRef = 5245609C23FC7685003686BE /* ListViewController.swift */; };
		524560A223FC7687003686BE /* Assets.xcassets in Resources */ = {isa = PBXBuildFile; fileRef = 524560A123FC7687003686BE /* Assets.xcassets */; };
		524560B023FC7687003686BE /* stocksTests.swift in Sources */ = {isa = PBXBuildFile; fileRef = 524560AF23FC7687003686BE /* stocksTests.swift */; };
		524560BB23FC7687003686BE /* stocksUITests.swift in Sources */ = {isa = PBXBuildFile; fileRef = 524560BA23FC7687003686BE /* stocksUITests.swift */; };
		524560C923FDD7FC003686BE /* Stock.swift in Sources */ = {isa = PBXBuildFile; fileRef = 524560C823FDD7FC003686BE /* Stock.swift */; };
		524560CB23FDDB68003686BE /* Networking.swift in Sources */ = {isa = PBXBuildFile; fileRef = 524560CA23FDDB68003686BE /* Networking.swift */; };
		529B645C2433C64B00C806C0 /* StocksViewModel.swift in Sources */ = {isa = PBXBuildFile; fileRef = 529B645B2433C64B00C806C0 /* StocksViewModel.swift */; };
		52A5E017242BDCDF00C25872 /* IntrinsicValue.swift in Sources */ = {isa = PBXBuildFile; fileRef = 52A5E016242BDCDF00C25872 /* IntrinsicValue.swift */; };
		52A5E019242BEFB000C25872 /* StockDetailViewController.swift in Sources */ = {isa = PBXBuildFile; fileRef = 52A5E018242BEFB000C25872 /* StockDetailViewController.swift */; };
		52D65F2D2433AC0C00647074 /* GrowthTable.swift in Sources */ = {isa = PBXBuildFile; fileRef = 52D65F2C2433AC0C00647074 /* GrowthTable.swift */; };
		52D9B1B924292C9700E67BF2 /* Ticker.swift in Sources */ = {isa = PBXBuildFile; fileRef = 52D9B1B824292C9700E67BF2 /* Ticker.swift */; };
		52D9B1BB24292CCF00E67BF2 /* Profile.swift in Sources */ = {isa = PBXBuildFile; fileRef = 52D9B1BA24292CCF00E67BF2 /* Profile.swift */; };
		52D9B1BD24292D0B00E67BF2 /* Filter.swift in Sources */ = {isa = PBXBuildFile; fileRef = 52D9B1BC24292D0B00E67BF2 /* Filter.swift */; };
		52D9B1BF242932F300E67BF2 /* SortViewController.swift in Sources */ = {isa = PBXBuildFile; fileRef = 52D9B1BE242932F300E67BF2 /* SortViewController.swift */; };
		52D9B1C22429351500E67BF2 /* SortView.swift in Sources */ = {isa = PBXBuildFile; fileRef = 52D9B1C12429351500E67BF2 /* SortView.swift */; };
		52D9B1C724294C2F00E67BF2 /* profile.json in Resources */ = {isa = PBXBuildFile; fileRef = 52D9B1C624294C2F00E67BF2 /* profile.json */; };
		52D9B1CD242955B000E67BF2 /* key-metrics.json in Resources */ = {isa = PBXBuildFile; fileRef = 52D9B1CC242955B000E67BF2 /* key-metrics.json */; };
		52D9B1CF2429592900E67BF2 /* growth-metrics.json in Resources */ = {isa = PBXBuildFile; fileRef = 52D9B1CE2429592900E67BF2 /* growth-metrics.json */; };
		60D749EBF4A48F3803E98D25 /* libPods-stocksTests.a in Frameworks */ = {isa = PBXBuildFile; fileRef = 13E76B730FB576BAD6DEF581 /* libPods-stocksTests.a */; };
		92C0897CFEBDC29404B746F1 /* libPods-stocks-stocksUITests.a in Frameworks */ = {isa = PBXBuildFile; fileRef = 2BEED2B0C5428882824089A4 /* libPods-stocks-stocksUITests.a */; };
		C71E38702437971C00E9A84B /* FilterCapViewController.swift in Sources */ = {isa = PBXBuildFile; fileRef = C71E386F2437971C00E9A84B /* FilterCapViewController.swift */; };
		C71E3872243800BB00E9A84B /* FilterView.swift in Sources */ = {isa = PBXBuildFile; fileRef = C71E3871243800BB00E9A84B /* FilterView.swift */; };
		C71E3874243801BF00E9A84B /* DrillDownView.swift in Sources */ = {isa = PBXBuildFile; fileRef = C71E3873243801BF00E9A84B /* DrillDownView.swift */; };
		C71E38762438134300E9A84B /* FilterProfitabilityViewController.swift in Sources */ = {isa = PBXBuildFile; fileRef = C71E38752438134300E9A84B /* FilterProfitabilityViewController.swift */; };
		C71E3878243813D600E9A84B /* FilterSectorViewController.swift in Sources */ = {isa = PBXBuildFile; fileRef = C71E3877243813D600E9A84B /* FilterSectorViewController.swift */; };
		C71E387A2438175D00E9A84B /* FilterPageViewController.swift in Sources */ = {isa = PBXBuildFile; fileRef = C71E38792438175D00E9A84B /* FilterPageViewController.swift */; };
		C71E387C24381CEB00E9A84B /* Base.swift in Sources */ = {isa = PBXBuildFile; fileRef = C71E387B24381CEB00E9A84B /* Base.swift */; };
		C71E95B22401EE81005A2DC7 /* LaunchScreen.storyboard in Resources */ = {isa = PBXBuildFile; fileRef = C71E95B02401EE81005A2DC7 /* LaunchScreen.storyboard */; };
		C71E95B42401F122005A2DC7 /* StockCell.swift in Sources */ = {isa = PBXBuildFile; fileRef = C71E95B32401F122005A2DC7 /* StockCell.swift */; };
		C71E95B92421BA25005A2DC7 /* LoadingViewController.swift in Sources */ = {isa = PBXBuildFile; fileRef = C71E95B82421BA25005A2DC7 /* LoadingViewController.swift */; };
		C71E95C32421C0E5005A2DC7 /* loading.json in Resources */ = {isa = PBXBuildFile; fileRef = C71E95C12421C0E5005A2DC7 /* loading.json */; };
		C71E95C52426BDBF005A2DC7 /* FilterViewController.swift in Sources */ = {isa = PBXBuildFile; fileRef = C71E95C42426BDBF005A2DC7 /* FilterViewController.swift */; };
		C71E95C72426BE09005A2DC7 /* AccessoryView.swift in Sources */ = {isa = PBXBuildFile; fileRef = C71E95C62426BE09005A2DC7 /* AccessoryView.swift */; };
/* End PBXBuildFile section */

/* Begin PBXContainerItemProxy section */
		524560AC23FC7687003686BE /* PBXContainerItemProxy */ = {
			isa = PBXContainerItemProxy;
			containerPortal = 5245608D23FC7685003686BE /* Project object */;
			proxyType = 1;
			remoteGlobalIDString = 5245609423FC7685003686BE;
			remoteInfo = stocks;
		};
		524560B723FC7687003686BE /* PBXContainerItemProxy */ = {
			isa = PBXContainerItemProxy;
			containerPortal = 5245608D23FC7685003686BE /* Project object */;
			proxyType = 1;
			remoteGlobalIDString = 5245609423FC7685003686BE;
			remoteInfo = stocks;
		};
/* End PBXContainerItemProxy section */

/* Begin PBXFileReference section */
		13E76B730FB576BAD6DEF581 /* libPods-stocksTests.a */ = {isa = PBXFileReference; explicitFileType = archive.ar; includeInIndex = 0; path = "libPods-stocksTests.a"; sourceTree = BUILT_PRODUCTS_DIR; };
		2BEED2B0C5428882824089A4 /* libPods-stocks-stocksUITests.a */ = {isa = PBXFileReference; explicitFileType = archive.ar; includeInIndex = 0; path = "libPods-stocks-stocksUITests.a"; sourceTree = BUILT_PRODUCTS_DIR; };
		3D03DF0C366514A8ABF83A06 /* Pods-stocks-stocksUITests.release.xcconfig */ = {isa = PBXFileReference; includeInIndex = 1; lastKnownFileType = text.xcconfig; name = "Pods-stocks-stocksUITests.release.xcconfig"; path = "Target Support Files/Pods-stocks-stocksUITests/Pods-stocks-stocksUITests.release.xcconfig"; sourceTree = "<group>"; };
		3F38C27A375518FF5CD390CB /* libPods-stocks.a */ = {isa = PBXFileReference; explicitFileType = archive.ar; includeInIndex = 0; path = "libPods-stocks.a"; sourceTree = BUILT_PRODUCTS_DIR; };
		52108CD8241FCA39000A472B /* KeyMetrics.swift */ = {isa = PBXFileReference; lastKnownFileType = sourcecode.swift; path = KeyMetrics.swift; sourceTree = "<group>"; };
		52108CDA241FCA7C000A472B /* GrowthMetrics.swift */ = {isa = PBXFileReference; lastKnownFileType = sourcecode.swift; path = GrowthMetrics.swift; sourceTree = "<group>"; };
		52108CDC241FCB5E000A472B /* Stock+Api.swift */ = {isa = PBXFileReference; lastKnownFileType = sourcecode.swift; path = "Stock+Api.swift"; sourceTree = "<group>"; };
		52108D272421661E000A472B /* Util.swift */ = {isa = PBXFileReference; lastKnownFileType = sourcecode.swift; path = Util.swift; sourceTree = "<group>"; };
		5245609523FC7685003686BE /* stocks.app */ = {isa = PBXFileReference; explicitFileType = wrapper.application; includeInIndex = 0; path = stocks.app; sourceTree = BUILT_PRODUCTS_DIR; };
		5245609823FC7685003686BE /* AppDelegate.swift */ = {isa = PBXFileReference; lastKnownFileType = sourcecode.swift; path = AppDelegate.swift; sourceTree = "<group>"; };
		5245609A23FC7685003686BE /* SceneDelegate.swift */ = {isa = PBXFileReference; lastKnownFileType = sourcecode.swift; path = SceneDelegate.swift; sourceTree = "<group>"; };
		5245609C23FC7685003686BE /* ListViewController.swift */ = {isa = PBXFileReference; lastKnownFileType = sourcecode.swift; path = ListViewController.swift; sourceTree = "<group>"; };
		524560A123FC7687003686BE /* Assets.xcassets */ = {isa = PBXFileReference; lastKnownFileType = folder.assetcatalog; path = Assets.xcassets; sourceTree = "<group>"; };
		524560A623FC7687003686BE /* Info.plist */ = {isa = PBXFileReference; lastKnownFileType = text.plist.xml; path = Info.plist; sourceTree = "<group>"; };
		524560AB23FC7687003686BE /* stocksTests.xctest */ = {isa = PBXFileReference; explicitFileType = wrapper.cfbundle; includeInIndex = 0; path = stocksTests.xctest; sourceTree = BUILT_PRODUCTS_DIR; };
		524560AF23FC7687003686BE /* stocksTests.swift */ = {isa = PBXFileReference; lastKnownFileType = sourcecode.swift; path = stocksTests.swift; sourceTree = "<group>"; };
		524560B123FC7687003686BE /* Info.plist */ = {isa = PBXFileReference; lastKnownFileType = text.plist.xml; path = Info.plist; sourceTree = "<group>"; };
		524560B623FC7687003686BE /* stocksUITests.xctest */ = {isa = PBXFileReference; explicitFileType = wrapper.cfbundle; includeInIndex = 0; path = stocksUITests.xctest; sourceTree = BUILT_PRODUCTS_DIR; };
		524560BA23FC7687003686BE /* stocksUITests.swift */ = {isa = PBXFileReference; lastKnownFileType = sourcecode.swift; path = stocksUITests.swift; sourceTree = "<group>"; };
		524560BC23FC7687003686BE /* Info.plist */ = {isa = PBXFileReference; lastKnownFileType = text.plist.xml; path = Info.plist; sourceTree = "<group>"; };
		524560C823FDD7FC003686BE /* Stock.swift */ = {isa = PBXFileReference; lastKnownFileType = sourcecode.swift; path = Stock.swift; sourceTree = "<group>"; };
		524560CA23FDDB68003686BE /* Networking.swift */ = {isa = PBXFileReference; lastKnownFileType = sourcecode.swift; path = Networking.swift; sourceTree = "<group>"; };
		529B645B2433C64B00C806C0 /* StocksViewModel.swift */ = {isa = PBXFileReference; lastKnownFileType = sourcecode.swift; path = StocksViewModel.swift; sourceTree = "<group>"; };
		52A5E016242BDCDF00C25872 /* IntrinsicValue.swift */ = {isa = PBXFileReference; lastKnownFileType = sourcecode.swift; path = IntrinsicValue.swift; sourceTree = "<group>"; };
		52A5E018242BEFB000C25872 /* StockDetailViewController.swift */ = {isa = PBXFileReference; lastKnownFileType = sourcecode.swift; path = StockDetailViewController.swift; sourceTree = "<group>"; };
		52D65F2C2433AC0C00647074 /* GrowthTable.swift */ = {isa = PBXFileReference; lastKnownFileType = sourcecode.swift; path = GrowthTable.swift; sourceTree = "<group>"; };
		52D9B1B824292C9700E67BF2 /* Ticker.swift */ = {isa = PBXFileReference; lastKnownFileType = sourcecode.swift; path = Ticker.swift; sourceTree = "<group>"; };
		52D9B1BA24292CCF00E67BF2 /* Profile.swift */ = {isa = PBXFileReference; lastKnownFileType = sourcecode.swift; path = Profile.swift; sourceTree = "<group>"; };
		52D9B1BC24292D0B00E67BF2 /* Filter.swift */ = {isa = PBXFileReference; lastKnownFileType = sourcecode.swift; path = Filter.swift; sourceTree = "<group>"; };
		52D9B1BE242932F300E67BF2 /* SortViewController.swift */ = {isa = PBXFileReference; lastKnownFileType = sourcecode.swift; path = SortViewController.swift; sourceTree = "<group>"; };
		52D9B1C12429351500E67BF2 /* SortView.swift */ = {isa = PBXFileReference; lastKnownFileType = sourcecode.swift; path = SortView.swift; sourceTree = "<group>"; };
		52D9B1C624294C2F00E67BF2 /* profile.json */ = {isa = PBXFileReference; lastKnownFileType = text.json; path = profile.json; sourceTree = "<group>"; };
		52D9B1CC242955B000E67BF2 /* key-metrics.json */ = {isa = PBXFileReference; lastKnownFileType = text.json; path = "key-metrics.json"; sourceTree = "<group>"; };
		52D9B1CE2429592900E67BF2 /* growth-metrics.json */ = {isa = PBXFileReference; lastKnownFileType = text.json; path = "growth-metrics.json"; sourceTree = "<group>"; };
		54B16BC799C59D4AD48E7138 /* Pods-stocks.release.xcconfig */ = {isa = PBXFileReference; includeInIndex = 1; lastKnownFileType = text.xcconfig; name = "Pods-stocks.release.xcconfig"; path = "Target Support Files/Pods-stocks/Pods-stocks.release.xcconfig"; sourceTree = "<group>"; };
		5EDB18D3CFC466D51413DDD1 /* Pods-stocks-stocksUITests.debug.xcconfig */ = {isa = PBXFileReference; includeInIndex = 1; lastKnownFileType = text.xcconfig; name = "Pods-stocks-stocksUITests.debug.xcconfig"; path = "Target Support Files/Pods-stocks-stocksUITests/Pods-stocks-stocksUITests.debug.xcconfig"; sourceTree = "<group>"; };
		6E0C904E4B027EAAE4395C5B /* Pods-stocksTests.debug.xcconfig */ = {isa = PBXFileReference; includeInIndex = 1; lastKnownFileType = text.xcconfig; name = "Pods-stocksTests.debug.xcconfig"; path = "Target Support Files/Pods-stocksTests/Pods-stocksTests.debug.xcconfig"; sourceTree = "<group>"; };
		C71E386F2437971C00E9A84B /* FilterCapViewController.swift */ = {isa = PBXFileReference; lastKnownFileType = sourcecode.swift; path = FilterCapViewController.swift; sourceTree = "<group>"; };
		C71E3871243800BB00E9A84B /* FilterView.swift */ = {isa = PBXFileReference; lastKnownFileType = sourcecode.swift; path = FilterView.swift; sourceTree = "<group>"; };
		C71E3873243801BF00E9A84B /* DrillDownView.swift */ = {isa = PBXFileReference; lastKnownFileType = sourcecode.swift; path = DrillDownView.swift; sourceTree = "<group>"; };
		C71E38752438134300E9A84B /* FilterProfitabilityViewController.swift */ = {isa = PBXFileReference; lastKnownFileType = sourcecode.swift; path = FilterProfitabilityViewController.swift; sourceTree = "<group>"; };
		C71E3877243813D600E9A84B /* FilterSectorViewController.swift */ = {isa = PBXFileReference; lastKnownFileType = sourcecode.swift; path = FilterSectorViewController.swift; sourceTree = "<group>"; };
		C71E38792438175D00E9A84B /* FilterPageViewController.swift */ = {isa = PBXFileReference; lastKnownFileType = sourcecode.swift; path = FilterPageViewController.swift; sourceTree = "<group>"; };
		C71E387B24381CEB00E9A84B /* Base.swift */ = {isa = PBXFileReference; lastKnownFileType = sourcecode.swift; path = Base.swift; sourceTree = "<group>"; };
		C71E95B02401EE81005A2DC7 /* LaunchScreen.storyboard */ = {isa = PBXFileReference; fileEncoding = 4; lastKnownFileType = file.storyboard; path = LaunchScreen.storyboard; sourceTree = "<group>"; };
		C71E95B32401F122005A2DC7 /* StockCell.swift */ = {isa = PBXFileReference; lastKnownFileType = sourcecode.swift; path = StockCell.swift; sourceTree = "<group>"; };
		C71E95B82421BA25005A2DC7 /* LoadingViewController.swift */ = {isa = PBXFileReference; lastKnownFileType = sourcecode.swift; path = LoadingViewController.swift; sourceTree = "<group>"; };
		C71E95C12421C0E5005A2DC7 /* loading.json */ = {isa = PBXFileReference; fileEncoding = 4; lastKnownFileType = text.json; path = loading.json; sourceTree = "<group>"; };
		C71E95C42426BDBF005A2DC7 /* FilterViewController.swift */ = {isa = PBXFileReference; lastKnownFileType = sourcecode.swift; path = FilterViewController.swift; sourceTree = "<group>"; };
		C71E95C62426BE09005A2DC7 /* AccessoryView.swift */ = {isa = PBXFileReference; lastKnownFileType = sourcecode.swift; path = AccessoryView.swift; sourceTree = "<group>"; };
		E3D1FFD4B80293787542E2E0 /* Pods-stocksTests.release.xcconfig */ = {isa = PBXFileReference; includeInIndex = 1; lastKnownFileType = text.xcconfig; name = "Pods-stocksTests.release.xcconfig"; path = "Target Support Files/Pods-stocksTests/Pods-stocksTests.release.xcconfig"; sourceTree = "<group>"; };
		F14FA1D88A985D5EF8E765CD /* Pods-stocks.debug.xcconfig */ = {isa = PBXFileReference; includeInIndex = 1; lastKnownFileType = text.xcconfig; name = "Pods-stocks.debug.xcconfig"; path = "Target Support Files/Pods-stocks/Pods-stocks.debug.xcconfig"; sourceTree = "<group>"; };
/* End PBXFileReference section */

/* Begin PBXFrameworksBuildPhase section */
		5245609223FC7685003686BE /* Frameworks */ = {
			isa = PBXFrameworksBuildPhase;
			buildActionMask = 2147483647;
			files = (
				16DC60A3AF02836CD3C82E04 /* libPods-stocks.a in Frameworks */,
			);
			runOnlyForDeploymentPostprocessing = 0;
		};
		524560A823FC7687003686BE /* Frameworks */ = {
			isa = PBXFrameworksBuildPhase;
			buildActionMask = 2147483647;
			files = (
				60D749EBF4A48F3803E98D25 /* libPods-stocksTests.a in Frameworks */,
			);
			runOnlyForDeploymentPostprocessing = 0;
		};
		524560B323FC7687003686BE /* Frameworks */ = {
			isa = PBXFrameworksBuildPhase;
			buildActionMask = 2147483647;
			files = (
				92C0897CFEBDC29404B746F1 /* libPods-stocks-stocksUITests.a in Frameworks */,
			);
			runOnlyForDeploymentPostprocessing = 0;
		};
/* End PBXFrameworksBuildPhase section */

/* Begin PBXGroup section */
		41DF0AEAA64B7647E7801EC2 /* Pods */ = {
			isa = PBXGroup;
			children = (
				F14FA1D88A985D5EF8E765CD /* Pods-stocks.debug.xcconfig */,
				54B16BC799C59D4AD48E7138 /* Pods-stocks.release.xcconfig */,
				5EDB18D3CFC466D51413DDD1 /* Pods-stocks-stocksUITests.debug.xcconfig */,
				3D03DF0C366514A8ABF83A06 /* Pods-stocks-stocksUITests.release.xcconfig */,
				6E0C904E4B027EAAE4395C5B /* Pods-stocksTests.debug.xcconfig */,
				E3D1FFD4B80293787542E2E0 /* Pods-stocksTests.release.xcconfig */,
			);
			path = Pods;
			sourceTree = "<group>";
		};
		5245608C23FC7685003686BE = {
			isa = PBXGroup;
			children = (
				C71E95B52421B8E3005A2DC7 /* Animations */,
				5245609723FC7685003686BE /* stocks */,
				524560AE23FC7687003686BE /* stocksTests */,
				524560B923FC7687003686BE /* stocksUITests */,
				5245609623FC7685003686BE /* Products */,
				41DF0AEAA64B7647E7801EC2 /* Pods */,
				B0D50C25142ADE2C773BFD6F /* Frameworks */,
			);
			sourceTree = "<group>";
		};
		5245609623FC7685003686BE /* Products */ = {
			isa = PBXGroup;
			children = (
				5245609523FC7685003686BE /* stocks.app */,
				524560AB23FC7687003686BE /* stocksTests.xctest */,
				524560B623FC7687003686BE /* stocksUITests.xctest */,
			);
			name = Products;
			sourceTree = "<group>";
		};
		5245609723FC7685003686BE /* stocks */ = {
			isa = PBXGroup;
			children = (
				5245609823FC7685003686BE /* AppDelegate.swift */,
				5245609A23FC7685003686BE /* SceneDelegate.swift */,
				5245609C23FC7685003686BE /* ListViewController.swift */,
				C71E95B82421BA25005A2DC7 /* LoadingViewController.swift */,
				529B645B2433C64B00C806C0 /* StocksViewModel.swift */,
				52D65F2B2433ABC400647074 /* StockDetails */,
				52D9B1C324293EDD00E67BF2 /* Sort */,
				52D9B1C02429350300E67BF2 /* Filter */,
				52D9B1C424293EF000E67BF2 /* Stock */,
				52108D272421661E000A472B /* Util.swift */,
				C71E387B24381CEB00E9A84B /* Base.swift */,
				524560CA23FDDB68003686BE /* Networking.swift */,
				C71E95B02401EE81005A2DC7 /* LaunchScreen.storyboard */,
				524560A123FC7687003686BE /* Assets.xcassets */,
				524560A623FC7687003686BE /* Info.plist */,
			);
			path = stocks;
			sourceTree = "<group>";
		};
		524560AE23FC7687003686BE /* stocksTests */ = {
			isa = PBXGroup;
			children = (
				52D9B1C524294BC200E67BF2 /* JSON data */,
				524560AF23FC7687003686BE /* stocksTests.swift */,
				524560B123FC7687003686BE /* Info.plist */,
			);
			path = stocksTests;
			sourceTree = "<group>";
		};
		524560B923FC7687003686BE /* stocksUITests */ = {
			isa = PBXGroup;
			children = (
				524560BA23FC7687003686BE /* stocksUITests.swift */,
				524560BC23FC7687003686BE /* Info.plist */,
			);
			path = stocksUITests;
			sourceTree = "<group>";
		};
		52D65F2B2433ABC400647074 /* StockDetails */ = {
			isa = PBXGroup;
			children = (
				52A5E018242BEFB000C25872 /* StockDetailViewController.swift */,
				52D65F2C2433AC0C00647074 /* GrowthTable.swift */,
			);
			path = StockDetails;
			sourceTree = "<group>";
		};
		52D9B1C02429350300E67BF2 /* Filter */ = {
			isa = PBXGroup;
			children = (
				C71E95C42426BDBF005A2DC7 /* FilterViewController.swift */,
				C71E38792438175D00E9A84B /* FilterPageViewController.swift */,
				C71E386F2437971C00E9A84B /* FilterCapViewController.swift */,
				C71E38752438134300E9A84B /* FilterProfitabilityViewController.swift */,
				C71E3877243813D600E9A84B /* FilterSectorViewController.swift */,
				C71E95C62426BE09005A2DC7 /* AccessoryView.swift */,
				C71E3871243800BB00E9A84B /* FilterView.swift */,
				C71E3873243801BF00E9A84B /* DrillDownView.swift */,
				52D9B1BC24292D0B00E67BF2 /* Filter.swift */,
			);
			path = Filter;
			sourceTree = "<group>";
		};
		52D9B1C324293EDD00E67BF2 /* Sort */ = {
			isa = PBXGroup;
			children = (
				52D9B1BE242932F300E67BF2 /* SortViewController.swift */,
				52D9B1C12429351500E67BF2 /* SortView.swift */,
			);
			path = Sort;
			sourceTree = "<group>";
		};
		52D9B1C424293EF000E67BF2 /* Stock */ = {
			isa = PBXGroup;
			children = (
				C71E95B32401F122005A2DC7 /* StockCell.swift */,
				524560C823FDD7FC003686BE /* Stock.swift */,
				52A5E016242BDCDF00C25872 /* IntrinsicValue.swift */,
				52108CDC241FCB5E000A472B /* Stock+Api.swift */,
				52108CD8241FCA39000A472B /* KeyMetrics.swift */,
				52D9B1BA24292CCF00E67BF2 /* Profile.swift */,
				52D9B1B824292C9700E67BF2 /* Ticker.swift */,
				52108CDA241FCA7C000A472B /* GrowthMetrics.swift */,
			);
			path = Stock;
			sourceTree = "<group>";
		};
		52D9B1C524294BC200E67BF2 /* JSON data */ = {
			isa = PBXGroup;
			children = (
				52D9B1C624294C2F00E67BF2 /* profile.json */,
				52D9B1CC242955B000E67BF2 /* key-metrics.json */,
				52D9B1CE2429592900E67BF2 /* growth-metrics.json */,
			);
			path = "JSON data";
			sourceTree = "<group>";
		};
		B0D50C25142ADE2C773BFD6F /* Frameworks */ = {
			isa = PBXGroup;
			children = (
				3F38C27A375518FF5CD390CB /* libPods-stocks.a */,
				2BEED2B0C5428882824089A4 /* libPods-stocks-stocksUITests.a */,
				13E76B730FB576BAD6DEF581 /* libPods-stocksTests.a */,
			);
			name = Frameworks;
			sourceTree = "<group>";
		};
		C71E95B52421B8E3005A2DC7 /* Animations */ = {
			isa = PBXGroup;
			children = (
				C71E95C12421C0E5005A2DC7 /* loading.json */,
			);
			path = Animations;
			sourceTree = "<group>";
		};
/* End PBXGroup section */

/* Begin PBXNativeTarget section */
		5245609423FC7685003686BE /* stocks */ = {
			isa = PBXNativeTarget;
			buildConfigurationList = 524560BF23FC7687003686BE /* Build configuration list for PBXNativeTarget "stocks" */;
			buildPhases = (
				A284F6166C05FD383EDEDFC0 /* [CP] Check Pods Manifest.lock */,
				5245609123FC7685003686BE /* Sources */,
				5245609223FC7685003686BE /* Frameworks */,
				5245609323FC7685003686BE /* Resources */,
			);
			buildRules = (
			);
			dependencies = (
			);
			name = stocks;
			productName = stocks;
			productReference = 5245609523FC7685003686BE /* stocks.app */;
			productType = "com.apple.product-type.application";
		};
		524560AA23FC7687003686BE /* stocksTests */ = {
			isa = PBXNativeTarget;
			buildConfigurationList = 524560C223FC7687003686BE /* Build configuration list for PBXNativeTarget "stocksTests" */;
			buildPhases = (
				D7F6CA3FB7FB92FE878D9343 /* [CP] Check Pods Manifest.lock */,
				524560A723FC7687003686BE /* Sources */,
				524560A823FC7687003686BE /* Frameworks */,
				524560A923FC7687003686BE /* Resources */,
			);
			buildRules = (
			);
			dependencies = (
				524560AD23FC7687003686BE /* PBXTargetDependency */,
			);
			name = stocksTests;
			productName = stocksTests;
			productReference = 524560AB23FC7687003686BE /* stocksTests.xctest */;
			productType = "com.apple.product-type.bundle.unit-test";
		};
		524560B523FC7687003686BE /* stocksUITests */ = {
			isa = PBXNativeTarget;
			buildConfigurationList = 524560C523FC7687003686BE /* Build configuration list for PBXNativeTarget "stocksUITests" */;
			buildPhases = (
				55DCA7BE4E62608E24BDBFE9 /* [CP] Check Pods Manifest.lock */,
				524560B223FC7687003686BE /* Sources */,
				524560B323FC7687003686BE /* Frameworks */,
				524560B423FC7687003686BE /* Resources */,
			);
			buildRules = (
			);
			dependencies = (
				524560B823FC7687003686BE /* PBXTargetDependency */,
			);
			name = stocksUITests;
			productName = stocksUITests;
			productReference = 524560B623FC7687003686BE /* stocksUITests.xctest */;
			productType = "com.apple.product-type.bundle.ui-testing";
		};
/* End PBXNativeTarget section */

/* Begin PBXProject section */
		5245608D23FC7685003686BE /* Project object */ = {
			isa = PBXProject;
			attributes = {
				LastSwiftUpdateCheck = 1120;
				LastUpgradeCheck = 1120;
				ORGANIZATIONNAME = "Martin Peshevski";
				TargetAttributes = {
					5245609423FC7685003686BE = {
						CreatedOnToolsVersion = 11.2.1;
					};
					524560AA23FC7687003686BE = {
						CreatedOnToolsVersion = 11.2.1;
						TestTargetID = 5245609423FC7685003686BE;
					};
					524560B523FC7687003686BE = {
						CreatedOnToolsVersion = 11.2.1;
						TestTargetID = 5245609423FC7685003686BE;
					};
				};
			};
			buildConfigurationList = 5245609023FC7685003686BE /* Build configuration list for PBXProject "stocks" */;
			compatibilityVersion = "Xcode 9.3";
			developmentRegion = en;
			hasScannedForEncodings = 0;
			knownRegions = (
				en,
				Base,
			);
			mainGroup = 5245608C23FC7685003686BE;
			productRefGroup = 5245609623FC7685003686BE /* Products */;
			projectDirPath = "";
			projectRoot = "";
			targets = (
				5245609423FC7685003686BE /* stocks */,
				524560AA23FC7687003686BE /* stocksTests */,
				524560B523FC7687003686BE /* stocksUITests */,
			);
		};
/* End PBXProject section */

/* Begin PBXResourcesBuildPhase section */
		5245609323FC7685003686BE /* Resources */ = {
			isa = PBXResourcesBuildPhase;
			buildActionMask = 2147483647;
			files = (
				C71E95C32421C0E5005A2DC7 /* loading.json in Resources */,
				C71E95B22401EE81005A2DC7 /* LaunchScreen.storyboard in Resources */,
				524560A223FC7687003686BE /* Assets.xcassets in Resources */,
			);
			runOnlyForDeploymentPostprocessing = 0;
		};
		524560A923FC7687003686BE /* Resources */ = {
			isa = PBXResourcesBuildPhase;
			buildActionMask = 2147483647;
			files = (
				52D9B1CF2429592900E67BF2 /* growth-metrics.json in Resources */,
				52D9B1C724294C2F00E67BF2 /* profile.json in Resources */,
				52D9B1CD242955B000E67BF2 /* key-metrics.json in Resources */,
			);
			runOnlyForDeploymentPostprocessing = 0;
		};
		524560B423FC7687003686BE /* Resources */ = {
			isa = PBXResourcesBuildPhase;
			buildActionMask = 2147483647;
			files = (
			);
			runOnlyForDeploymentPostprocessing = 0;
		};
/* End PBXResourcesBuildPhase section */

/* Begin PBXShellScriptBuildPhase section */
		55DCA7BE4E62608E24BDBFE9 /* [CP] Check Pods Manifest.lock */ = {
			isa = PBXShellScriptBuildPhase;
			buildActionMask = 2147483647;
			files = (
			);
			inputFileListPaths = (
			);
			inputPaths = (
				"${PODS_PODFILE_DIR_PATH}/Podfile.lock",
				"${PODS_ROOT}/Manifest.lock",
			);
			name = "[CP] Check Pods Manifest.lock";
			outputFileListPaths = (
			);
			outputPaths = (
				"$(DERIVED_FILE_DIR)/Pods-stocks-stocksUITests-checkManifestLockResult.txt",
			);
			runOnlyForDeploymentPostprocessing = 0;
			shellPath = /bin/sh;
			shellScript = "diff \"${PODS_PODFILE_DIR_PATH}/Podfile.lock\" \"${PODS_ROOT}/Manifest.lock\" > /dev/null\nif [ $? != 0 ] ; then\n    # print error to STDERR\n    echo \"error: The sandbox is not in sync with the Podfile.lock. Run 'pod install' or update your CocoaPods installation.\" >&2\n    exit 1\nfi\n# This output is used by Xcode 'outputs' to avoid re-running this script phase.\necho \"SUCCESS\" > \"${SCRIPT_OUTPUT_FILE_0}\"\n";
			showEnvVarsInLog = 0;
		};
		A284F6166C05FD383EDEDFC0 /* [CP] Check Pods Manifest.lock */ = {
			isa = PBXShellScriptBuildPhase;
			buildActionMask = 2147483647;
			files = (
			);
			inputFileListPaths = (
			);
			inputPaths = (
				"${PODS_PODFILE_DIR_PATH}/Podfile.lock",
				"${PODS_ROOT}/Manifest.lock",
			);
			name = "[CP] Check Pods Manifest.lock";
			outputFileListPaths = (
			);
			outputPaths = (
				"$(DERIVED_FILE_DIR)/Pods-stocks-checkManifestLockResult.txt",
			);
			runOnlyForDeploymentPostprocessing = 0;
			shellPath = /bin/sh;
			shellScript = "diff \"${PODS_PODFILE_DIR_PATH}/Podfile.lock\" \"${PODS_ROOT}/Manifest.lock\" > /dev/null\nif [ $? != 0 ] ; then\n    # print error to STDERR\n    echo \"error: The sandbox is not in sync with the Podfile.lock. Run 'pod install' or update your CocoaPods installation.\" >&2\n    exit 1\nfi\n# This output is used by Xcode 'outputs' to avoid re-running this script phase.\necho \"SUCCESS\" > \"${SCRIPT_OUTPUT_FILE_0}\"\n";
			showEnvVarsInLog = 0;
		};
		D7F6CA3FB7FB92FE878D9343 /* [CP] Check Pods Manifest.lock */ = {
			isa = PBXShellScriptBuildPhase;
			buildActionMask = 2147483647;
			files = (
			);
			inputFileListPaths = (
			);
			inputPaths = (
				"${PODS_PODFILE_DIR_PATH}/Podfile.lock",
				"${PODS_ROOT}/Manifest.lock",
			);
			name = "[CP] Check Pods Manifest.lock";
			outputFileListPaths = (
			);
			outputPaths = (
				"$(DERIVED_FILE_DIR)/Pods-stocksTests-checkManifestLockResult.txt",
			);
			runOnlyForDeploymentPostprocessing = 0;
			shellPath = /bin/sh;
			shellScript = "diff \"${PODS_PODFILE_DIR_PATH}/Podfile.lock\" \"${PODS_ROOT}/Manifest.lock\" > /dev/null\nif [ $? != 0 ] ; then\n    # print error to STDERR\n    echo \"error: The sandbox is not in sync with the Podfile.lock. Run 'pod install' or update your CocoaPods installation.\" >&2\n    exit 1\nfi\n# This output is used by Xcode 'outputs' to avoid re-running this script phase.\necho \"SUCCESS\" > \"${SCRIPT_OUTPUT_FILE_0}\"\n";
			showEnvVarsInLog = 0;
		};
/* End PBXShellScriptBuildPhase section */

/* Begin PBXSourcesBuildPhase section */
		5245609123FC7685003686BE /* Sources */ = {
			isa = PBXSourcesBuildPhase;
			buildActionMask = 2147483647;
			files = (
				C71E95C72426BE09005A2DC7 /* AccessoryView.swift in Sources */,
				52D9B1BB24292CCF00E67BF2 /* Profile.swift in Sources */,
				52108CDB241FCA7C000A472B /* GrowthMetrics.swift in Sources */,
				52D9B1BF242932F300E67BF2 /* SortViewController.swift in Sources */,
				C71E3872243800BB00E9A84B /* FilterView.swift in Sources */,
				52A5E017242BDCDF00C25872 /* IntrinsicValue.swift in Sources */,
				C71E387C24381CEB00E9A84B /* Base.swift in Sources */,
				5245609D23FC7685003686BE /* ListViewController.swift in Sources */,
				524560CB23FDDB68003686BE /* Networking.swift in Sources */,
				52D9B1C22429351500E67BF2 /* SortView.swift in Sources */,
				52A5E019242BEFB000C25872 /* StockDetailViewController.swift in Sources */,
				52D65F2D2433AC0C00647074 /* GrowthTable.swift in Sources */,
				C71E95B42401F122005A2DC7 /* StockCell.swift in Sources */,
				5245609923FC7685003686BE /* AppDelegate.swift in Sources */,
				524560C923FDD7FC003686BE /* Stock.swift in Sources */,
				C71E95C52426BDBF005A2DC7 /* FilterViewController.swift in Sources */,
				C71E387A2438175D00E9A84B /* FilterPageViewController.swift in Sources */,
				C71E3878243813D600E9A84B /* FilterSectorViewController.swift in Sources */,
				52108CD9241FCA39000A472B /* KeyMetrics.swift in Sources */,
				52D9B1B924292C9700E67BF2 /* Ticker.swift in Sources */,
				C71E3874243801BF00E9A84B /* DrillDownView.swift in Sources */,
				52108D282421661F000A472B /* Util.swift in Sources */,
				C71E38762438134300E9A84B /* FilterProfitabilityViewController.swift in Sources */,
				529B645C2433C64B00C806C0 /* StocksViewModel.swift in Sources */,
				C71E38702437971C00E9A84B /* FilterCapViewController.swift in Sources */,
				C71E95B92421BA25005A2DC7 /* LoadingViewController.swift in Sources */,
				52D9B1BD24292D0B00E67BF2 /* Filter.swift in Sources */,
				52108CDD241FCB5E000A472B /* Stock+Api.swift in Sources */,
				5245609B23FC7685003686BE /* SceneDelegate.swift in Sources */,
			);
			runOnlyForDeploymentPostprocessing = 0;
		};
		524560A723FC7687003686BE /* Sources */ = {
			isa = PBXSourcesBuildPhase;
			buildActionMask = 2147483647;
			files = (
				524560B023FC7687003686BE /* stocksTests.swift in Sources */,
			);
			runOnlyForDeploymentPostprocessing = 0;
		};
		524560B223FC7687003686BE /* Sources */ = {
			isa = PBXSourcesBuildPhase;
			buildActionMask = 2147483647;
			files = (
				524560BB23FC7687003686BE /* stocksUITests.swift in Sources */,
			);
			runOnlyForDeploymentPostprocessing = 0;
		};
/* End PBXSourcesBuildPhase section */

/* Begin PBXTargetDependency section */
		524560AD23FC7687003686BE /* PBXTargetDependency */ = {
			isa = PBXTargetDependency;
			target = 5245609423FC7685003686BE /* stocks */;
			targetProxy = 524560AC23FC7687003686BE /* PBXContainerItemProxy */;
		};
		524560B823FC7687003686BE /* PBXTargetDependency */ = {
			isa = PBXTargetDependency;
			target = 5245609423FC7685003686BE /* stocks */;
			targetProxy = 524560B723FC7687003686BE /* PBXContainerItemProxy */;
		};
/* End PBXTargetDependency section */

/* Begin XCBuildConfiguration section */
		524560BD23FC7687003686BE /* Debug */ = {
			isa = XCBuildConfiguration;
			buildSettings = {
				ALWAYS_SEARCH_USER_PATHS = NO;
				CLANG_ANALYZER_NONNULL = YES;
				CLANG_ANALYZER_NUMBER_OBJECT_CONVERSION = YES_AGGRESSIVE;
				CLANG_CXX_LANGUAGE_STANDARD = "gnu++14";
				CLANG_CXX_LIBRARY = "libc++";
				CLANG_ENABLE_MODULES = YES;
				CLANG_ENABLE_OBJC_ARC = YES;
				CLANG_ENABLE_OBJC_WEAK = YES;
				CLANG_WARN_BLOCK_CAPTURE_AUTORELEASING = YES;
				CLANG_WARN_BOOL_CONVERSION = YES;
				CLANG_WARN_COMMA = YES;
				CLANG_WARN_CONSTANT_CONVERSION = YES;
				CLANG_WARN_DEPRECATED_OBJC_IMPLEMENTATIONS = YES;
				CLANG_WARN_DIRECT_OBJC_ISA_USAGE = YES_ERROR;
				CLANG_WARN_DOCUMENTATION_COMMENTS = YES;
				CLANG_WARN_EMPTY_BODY = YES;
				CLANG_WARN_ENUM_CONVERSION = YES;
				CLANG_WARN_INFINITE_RECURSION = YES;
				CLANG_WARN_INT_CONVERSION = YES;
				CLANG_WARN_NON_LITERAL_NULL_CONVERSION = YES;
				CLANG_WARN_OBJC_IMPLICIT_RETAIN_SELF = YES;
				CLANG_WARN_OBJC_LITERAL_CONVERSION = YES;
				CLANG_WARN_OBJC_ROOT_CLASS = YES_ERROR;
				CLANG_WARN_RANGE_LOOP_ANALYSIS = YES;
				CLANG_WARN_STRICT_PROTOTYPES = YES;
				CLANG_WARN_SUSPICIOUS_MOVE = YES;
				CLANG_WARN_UNGUARDED_AVAILABILITY = YES_AGGRESSIVE;
				CLANG_WARN_UNREACHABLE_CODE = YES;
				CLANG_WARN__DUPLICATE_METHOD_MATCH = YES;
				COPY_PHASE_STRIP = NO;
				DEBUG_INFORMATION_FORMAT = dwarf;
				ENABLE_STRICT_OBJC_MSGSEND = YES;
				ENABLE_TESTABILITY = YES;
				GCC_C_LANGUAGE_STANDARD = gnu11;
				GCC_DYNAMIC_NO_PIC = NO;
				GCC_NO_COMMON_BLOCKS = YES;
				GCC_OPTIMIZATION_LEVEL = 0;
				GCC_PREPROCESSOR_DEFINITIONS = (
					"DEBUG=1",
					"$(inherited)",
				);
				GCC_WARN_64_TO_32_BIT_CONVERSION = YES;
				GCC_WARN_ABOUT_RETURN_TYPE = YES_ERROR;
				GCC_WARN_UNDECLARED_SELECTOR = YES;
				GCC_WARN_UNINITIALIZED_AUTOS = YES_AGGRESSIVE;
				GCC_WARN_UNUSED_FUNCTION = YES;
				GCC_WARN_UNUSED_VARIABLE = YES;
				IPHONEOS_DEPLOYMENT_TARGET = 13.2;
				MTL_ENABLE_DEBUG_INFO = INCLUDE_SOURCE;
				MTL_FAST_MATH = YES;
				ONLY_ACTIVE_ARCH = YES;
				SDKROOT = iphoneos;
				SWIFT_ACTIVE_COMPILATION_CONDITIONS = DEBUG;
				SWIFT_OPTIMIZATION_LEVEL = "-Onone";
			};
			name = Debug;
		};
		524560BE23FC7687003686BE /* Release */ = {
			isa = XCBuildConfiguration;
			buildSettings = {
				ALWAYS_SEARCH_USER_PATHS = NO;
				CLANG_ANALYZER_NONNULL = YES;
				CLANG_ANALYZER_NUMBER_OBJECT_CONVERSION = YES_AGGRESSIVE;
				CLANG_CXX_LANGUAGE_STANDARD = "gnu++14";
				CLANG_CXX_LIBRARY = "libc++";
				CLANG_ENABLE_MODULES = YES;
				CLANG_ENABLE_OBJC_ARC = YES;
				CLANG_ENABLE_OBJC_WEAK = YES;
				CLANG_WARN_BLOCK_CAPTURE_AUTORELEASING = YES;
				CLANG_WARN_BOOL_CONVERSION = YES;
				CLANG_WARN_COMMA = YES;
				CLANG_WARN_CONSTANT_CONVERSION = YES;
				CLANG_WARN_DEPRECATED_OBJC_IMPLEMENTATIONS = YES;
				CLANG_WARN_DIRECT_OBJC_ISA_USAGE = YES_ERROR;
				CLANG_WARN_DOCUMENTATION_COMMENTS = YES;
				CLANG_WARN_EMPTY_BODY = YES;
				CLANG_WARN_ENUM_CONVERSION = YES;
				CLANG_WARN_INFINITE_RECURSION = YES;
				CLANG_WARN_INT_CONVERSION = YES;
				CLANG_WARN_NON_LITERAL_NULL_CONVERSION = YES;
				CLANG_WARN_OBJC_IMPLICIT_RETAIN_SELF = YES;
				CLANG_WARN_OBJC_LITERAL_CONVERSION = YES;
				CLANG_WARN_OBJC_ROOT_CLASS = YES_ERROR;
				CLANG_WARN_RANGE_LOOP_ANALYSIS = YES;
				CLANG_WARN_STRICT_PROTOTYPES = YES;
				CLANG_WARN_SUSPICIOUS_MOVE = YES;
				CLANG_WARN_UNGUARDED_AVAILABILITY = YES_AGGRESSIVE;
				CLANG_WARN_UNREACHABLE_CODE = YES;
				CLANG_WARN__DUPLICATE_METHOD_MATCH = YES;
				COPY_PHASE_STRIP = NO;
				DEBUG_INFORMATION_FORMAT = "dwarf-with-dsym";
				ENABLE_NS_ASSERTIONS = NO;
				ENABLE_STRICT_OBJC_MSGSEND = YES;
				GCC_C_LANGUAGE_STANDARD = gnu11;
				GCC_NO_COMMON_BLOCKS = YES;
				GCC_WARN_64_TO_32_BIT_CONVERSION = YES;
				GCC_WARN_ABOUT_RETURN_TYPE = YES_ERROR;
				GCC_WARN_UNDECLARED_SELECTOR = YES;
				GCC_WARN_UNINITIALIZED_AUTOS = YES_AGGRESSIVE;
				GCC_WARN_UNUSED_FUNCTION = YES;
				GCC_WARN_UNUSED_VARIABLE = YES;
				IPHONEOS_DEPLOYMENT_TARGET = 13.2;
				MTL_ENABLE_DEBUG_INFO = NO;
				MTL_FAST_MATH = YES;
				SDKROOT = iphoneos;
				SWIFT_COMPILATION_MODE = wholemodule;
				SWIFT_OPTIMIZATION_LEVEL = "-O";
				VALIDATE_PRODUCT = YES;
			};
			name = Release;
		};
		524560C023FC7687003686BE /* Debug */ = {
			isa = XCBuildConfiguration;
			baseConfigurationReference = F14FA1D88A985D5EF8E765CD /* Pods-stocks.debug.xcconfig */;
			buildSettings = {
				ASSETCATALOG_COMPILER_APPICON_NAME = AppIcon;
				CODE_SIGN_STYLE = Automatic;
				DEVELOPMENT_TEAM = YJPA36WMX9;
				INFOPLIST_FILE = stocks/Info.plist;
				LD_RUNPATH_SEARCH_PATHS = (
					"$(inherited)",
					"@executable_path/Frameworks",
				);
				PRODUCT_BUNDLE_IDENTIFIER = fundrise.stocks;
				PRODUCT_NAME = "$(TARGET_NAME)";
				SWIFT_VERSION = 5.0;
				TARGETED_DEVICE_FAMILY = "1,2";
			};
			name = Debug;
		};
		524560C123FC7687003686BE /* Release */ = {
			isa = XCBuildConfiguration;
			baseConfigurationReference = 54B16BC799C59D4AD48E7138 /* Pods-stocks.release.xcconfig */;
			buildSettings = {
				ASSETCATALOG_COMPILER_APPICON_NAME = AppIcon;
				CODE_SIGN_STYLE = Automatic;
				DEVELOPMENT_TEAM = YJPA36WMX9;
				INFOPLIST_FILE = stocks/Info.plist;
				LD_RUNPATH_SEARCH_PATHS = (
					"$(inherited)",
					"@executable_path/Frameworks",
				);
				PRODUCT_BUNDLE_IDENTIFIER = fundrise.stocks;
				PRODUCT_NAME = "$(TARGET_NAME)";
				SWIFT_VERSION = 5.0;
				TARGETED_DEVICE_FAMILY = "1,2";
			};
			name = Release;
		};
		524560C323FC7687003686BE /* Debug */ = {
			isa = XCBuildConfiguration;
			baseConfigurationReference = 6E0C904E4B027EAAE4395C5B /* Pods-stocksTests.debug.xcconfig */;
			buildSettings = {
				ALWAYS_EMBED_SWIFT_STANDARD_LIBRARIES = YES;
				BUNDLE_LOADER = "$(TEST_HOST)";
				CODE_SIGN_STYLE = Automatic;
				DEVELOPMENT_TEAM = YJPA36WMX9;
				INFOPLIST_FILE = stocksTests/Info.plist;
				IPHONEOS_DEPLOYMENT_TARGET = 13.2;
				LD_RUNPATH_SEARCH_PATHS = (
					"$(inherited)",
					"@executable_path/Frameworks",
					"@loader_path/Frameworks",
				);
				PRODUCT_BUNDLE_IDENTIFIER = fundrise.stocksTests;
				PRODUCT_NAME = "$(TARGET_NAME)";
				SWIFT_VERSION = 5.0;
				TARGETED_DEVICE_FAMILY = "1,2";
				TEST_HOST = "$(BUILT_PRODUCTS_DIR)/stocks.app/stocks";
			};
			name = Debug;
		};
		524560C423FC7687003686BE /* Release */ = {
			isa = XCBuildConfiguration;
			baseConfigurationReference = E3D1FFD4B80293787542E2E0 /* Pods-stocksTests.release.xcconfig */;
			buildSettings = {
				ALWAYS_EMBED_SWIFT_STANDARD_LIBRARIES = YES;
				BUNDLE_LOADER = "$(TEST_HOST)";
				CODE_SIGN_STYLE = Automatic;
				DEVELOPMENT_TEAM = YJPA36WMX9;
				INFOPLIST_FILE = stocksTests/Info.plist;
				IPHONEOS_DEPLOYMENT_TARGET = 13.2;
				LD_RUNPATH_SEARCH_PATHS = (
					"$(inherited)",
					"@executable_path/Frameworks",
					"@loader_path/Frameworks",
				);
				PRODUCT_BUNDLE_IDENTIFIER = fundrise.stocksTests;
				PRODUCT_NAME = "$(TARGET_NAME)";
				SWIFT_VERSION = 5.0;
				TARGETED_DEVICE_FAMILY = "1,2";
				TEST_HOST = "$(BUILT_PRODUCTS_DIR)/stocks.app/stocks";
			};
			name = Release;
		};
		524560C623FC7687003686BE /* Debug */ = {
			isa = XCBuildConfiguration;
			baseConfigurationReference = 5EDB18D3CFC466D51413DDD1 /* Pods-stocks-stocksUITests.debug.xcconfig */;
			buildSettings = {
				ALWAYS_EMBED_SWIFT_STANDARD_LIBRARIES = YES;
				CODE_SIGN_STYLE = Automatic;
				DEVELOPMENT_TEAM = YJPA36WMX9;
				INFOPLIST_FILE = stocksUITests/Info.plist;
				LD_RUNPATH_SEARCH_PATHS = (
					"$(inherited)",
					"@executable_path/Frameworks",
					"@loader_path/Frameworks",
				);
				PRODUCT_BUNDLE_IDENTIFIER = fundrise.stocksUITests;
				PRODUCT_NAME = "$(TARGET_NAME)";
				SWIFT_VERSION = 5.0;
				TARGETED_DEVICE_FAMILY = "1,2";
				TEST_TARGET_NAME = stocks;
			};
			name = Debug;
		};
		524560C723FC7687003686BE /* Release */ = {
			isa = XCBuildConfiguration;
			baseConfigurationReference = 3D03DF0C366514A8ABF83A06 /* Pods-stocks-stocksUITests.release.xcconfig */;
			buildSettings = {
				ALWAYS_EMBED_SWIFT_STANDARD_LIBRARIES = YES;
				CODE_SIGN_STYLE = Automatic;
				DEVELOPMENT_TEAM = YJPA36WMX9;
				INFOPLIST_FILE = stocksUITests/Info.plist;
				LD_RUNPATH_SEARCH_PATHS = (
					"$(inherited)",
					"@executable_path/Frameworks",
					"@loader_path/Frameworks",
				);
				PRODUCT_BUNDLE_IDENTIFIER = fundrise.stocksUITests;
				PRODUCT_NAME = "$(TARGET_NAME)";
				SWIFT_VERSION = 5.0;
				TARGETED_DEVICE_FAMILY = "1,2";
				TEST_TARGET_NAME = stocks;
			};
			name = Release;
		};
/* End XCBuildConfiguration section */

/* Begin XCConfigurationList section */
		5245609023FC7685003686BE /* Build configuration list for PBXProject "stocks" */ = {
			isa = XCConfigurationList;
			buildConfigurations = (
				524560BD23FC7687003686BE /* Debug */,
				524560BE23FC7687003686BE /* Release */,
			);
			defaultConfigurationIsVisible = 0;
			defaultConfigurationName = Release;
		};
		524560BF23FC7687003686BE /* Build configuration list for PBXNativeTarget "stocks" */ = {
			isa = XCConfigurationList;
			buildConfigurations = (
				524560C023FC7687003686BE /* Debug */,
				524560C123FC7687003686BE /* Release */,
			);
			defaultConfigurationIsVisible = 0;
			defaultConfigurationName = Release;
		};
		524560C223FC7687003686BE /* Build configuration list for PBXNativeTarget "stocksTests" */ = {
			isa = XCConfigurationList;
			buildConfigurations = (
				524560C323FC7687003686BE /* Debug */,
				524560C423FC7687003686BE /* Release */,
			);
			defaultConfigurationIsVisible = 0;
			defaultConfigurationName = Release;
		};
		524560C523FC7687003686BE /* Build configuration list for PBXNativeTarget "stocksUITests" */ = {
			isa = XCConfigurationList;
			buildConfigurations = (
				524560C623FC7687003686BE /* Debug */,
				524560C723FC7687003686BE /* Release */,
			);
			defaultConfigurationIsVisible = 0;
			defaultConfigurationName = Release;
		};
/* End XCConfigurationList section */
	};
	rootObject = 5245608D23FC7685003686BE /* Project object */;
}
