// !$*UTF8*$!
{
	archiveVersion = 1;
	classes = {
	};
	objectVersion = 51;
	objects = {

/* Begin PBXBuildFile section */
		51007064FCD17911765E42ED /* Pods_Stocker.framework in Frameworks */ = {isa = PBXBuildFile; fileRef = 14DC7E39EE0FBE1A9CD53BA2 /* Pods_Stocker.framework */; };
		52108CD9241FCA39000A472B /* KeyMetrics.swift in Sources */ = {isa = PBXBuildFile; fileRef = 52108CD8241FCA39000A472B /* KeyMetrics.swift */; };
		52108CDB241FCA7C000A472B /* GrowthMetrics.swift in Sources */ = {isa = PBXBuildFile; fileRef = 52108CDA241FCA7C000A472B /* GrowthMetrics.swift */; };
		52108CDD241FCB5E000A472B /* Stock+Api.swift in Sources */ = {isa = PBXBuildFile; fileRef = 52108CDC241FCB5E000A472B /* Stock+Api.swift */; };
		52108D282421661F000A472B /* Util.swift in Sources */ = {isa = PBXBuildFile; fileRef = 52108D272421661E000A472B /* Util.swift */; };
		5245609923FC7685003686BE /* AppDelegate.swift in Sources */ = {isa = PBXBuildFile; fileRef = 5245609823FC7685003686BE /* AppDelegate.swift */; };
		5245609B23FC7685003686BE /* SceneDelegate.swift in Sources */ = {isa = PBXBuildFile; fileRef = 5245609A23FC7685003686BE /* SceneDelegate.swift */; };
		5245609D23FC7685003686BE /* ListViewController.swift in Sources */ = {isa = PBXBuildFile; fileRef = 5245609C23FC7685003686BE /* ListViewController.swift */; };
		524560A223FC7687003686BE /* Assets.xcassets in Resources */ = {isa = PBXBuildFile; fileRef = 524560A123FC7687003686BE /* Assets.xcassets */; };
		524560B023FC7687003686BE /* stocksTests.swift in Sources */ = {isa = PBXBuildFile; fileRef = 524560AF23FC7687003686BE /* stocksTests.swift */; };
		524560BB23FC7687003686BE /* stocksUITests.swift in Sources */ = {isa = PBXBuildFile; fileRef = 524560BA23FC7687003686BE /* stocksUITests.swift */; };
		524560C923FDD7FC003686BE /* Stock.swift in Sources */ = {isa = PBXBuildFile; fileRef = 524560C823FDD7FC003686BE /* Stock.swift */; };
		524560CB23FDDB68003686BE /* Networking.swift in Sources */ = {isa = PBXBuildFile; fileRef = 524560CA23FDDB68003686BE /* Networking.swift */; };
		529B645C2433C64B00C806C0 /* StocksViewModel.swift in Sources */ = {isa = PBXBuildFile; fileRef = 529B645B2433C64B00C806C0 /* StocksViewModel.swift */; };
		52A5E017242BDCDF00C25872 /* IntrinsicValue.swift in Sources */ = {isa = PBXBuildFile; fileRef = 52A5E016242BDCDF00C25872 /* IntrinsicValue.swift */; };
		52A5E019242BEFB000C25872 /* StockDetailViewController.swift in Sources */ = {isa = PBXBuildFile; fileRef = 52A5E018242BEFB000C25872 /* StockDetailViewController.swift */; };
		52D0CC4A2446377800C36300 /* CashFlows.swift in Sources */ = {isa = PBXBuildFile; fileRef = 52D0CC492446377800C36300 /* CashFlows.swift */; };
		52D0CC4E24464EE400C36300 /* PeriodicValueChangeViewController.swift in Sources */ = {isa = PBXBuildFile; fileRef = 52D0CC4D24464EE400C36300 /* PeriodicValueChangeViewController.swift */; };
		52D0CC502447577300C36300 /* SimpleGrowthChart.swift in Sources */ = {isa = PBXBuildFile; fileRef = 52D0CC4F2447577300C36300 /* SimpleGrowthChart.swift */; };
		52D0CC5424476D0100C36300 /* StockDetailHelpers.swift in Sources */ = {isa = PBXBuildFile; fileRef = 52D0CC5324476D0100C36300 /* StockDetailHelpers.swift */; };
		52D0CC59245B009C00C36300 /* DatabaseManager.swift in Sources */ = {isa = PBXBuildFile; fileRef = 52D0CC58245B009C00C36300 /* DatabaseManager.swift */; };
		52D65F2D2433AC0C00647074 /* GrowthTable.swift in Sources */ = {isa = PBXBuildFile; fileRef = 52D65F2C2433AC0C00647074 /* GrowthTable.swift */; };
		52D9B1B924292C9700E67BF2 /* Ticker.swift in Sources */ = {isa = PBXBuildFile; fileRef = 52D9B1B824292C9700E67BF2 /* Ticker.swift */; };
		52D9B1BB24292CCF00E67BF2 /* Profile.swift in Sources */ = {isa = PBXBuildFile; fileRef = 52D9B1BA24292CCF00E67BF2 /* Profile.swift */; };
		52D9B1BD24292D0B00E67BF2 /* Filter.swift in Sources */ = {isa = PBXBuildFile; fileRef = 52D9B1BC24292D0B00E67BF2 /* Filter.swift */; };
		52D9B1BF242932F300E67BF2 /* SortViewController.swift in Sources */ = {isa = PBXBuildFile; fileRef = 52D9B1BE242932F300E67BF2 /* SortViewController.swift */; };
		52D9B1C22429351500E67BF2 /* SortView.swift in Sources */ = {isa = PBXBuildFile; fileRef = 52D9B1C12429351500E67BF2 /* SortView.swift */; };
		52D9B1C724294C2F00E67BF2 /* profile.json in Resources */ = {isa = PBXBuildFile; fileRef = 52D9B1C624294C2F00E67BF2 /* profile.json */; };
		52D9B1CD242955B000E67BF2 /* key-metrics.json in Resources */ = {isa = PBXBuildFile; fileRef = 52D9B1CC242955B000E67BF2 /* key-metrics.json */; };
		52D9B1CF2429592900E67BF2 /* growth-metrics.json in Resources */ = {isa = PBXBuildFile; fileRef = 52D9B1CE2429592900E67BF2 /* growth-metrics.json */; };
		B209D754A59F455057E088C7 /* Pods_Stocker_StockerUITests.framework in Frameworks */ = {isa = PBXBuildFile; fileRef = 701D4597526E59BC19DEF782 /* Pods_Stocker_StockerUITests.framework */; };
		C708ED0E2444AFDD00FC9425 /* BalanceSheet.swift in Sources */ = {isa = PBXBuildFile; fileRef = C708ED0D2444AFDD00FC9425 /* BalanceSheet.swift */; };
		C708ED122444E6E100FC9425 /* FinancialsViewController.swift in Sources */ = {isa = PBXBuildFile; fileRef = C708ED112444E6E100FC9425 /* FinancialsViewController.swift */; };
		C708ED142445E60500FC9425 /* IncomeStatement.swift in Sources */ = {isa = PBXBuildFile; fileRef = C708ED132445E60500FC9425 /* IncomeStatement.swift */; };
		C71BBD0024393D4B00486528 /* SectorFilterView.swift in Sources */ = {isa = PBXBuildFile; fileRef = C71BBCFF24393D4B00486528 /* SectorFilterView.swift */; };
		C71BBD03243A68F000486528 /* ListViewController+SortFilter.swift in Sources */ = {isa = PBXBuildFile; fileRef = C71BBD02243A68F000486528 /* ListViewController+SortFilter.swift */; };
		C71E38702437971C00E9A84B /* FilterCapViewController.swift in Sources */ = {isa = PBXBuildFile; fileRef = C71E386F2437971C00E9A84B /* FilterCapViewController.swift */; };
		C71E3872243800BB00E9A84B /* FilterView.swift in Sources */ = {isa = PBXBuildFile; fileRef = C71E3871243800BB00E9A84B /* FilterView.swift */; };
		C71E3874243801BF00E9A84B /* DrillDownView.swift in Sources */ = {isa = PBXBuildFile; fileRef = C71E3873243801BF00E9A84B /* DrillDownView.swift */; };
		C71E38762438134300E9A84B /* FilterProfitabilityViewController.swift in Sources */ = {isa = PBXBuildFile; fileRef = C71E38752438134300E9A84B /* FilterProfitabilityViewController.swift */; };
		C71E3878243813D600E9A84B /* FilterSectorViewController.swift in Sources */ = {isa = PBXBuildFile; fileRef = C71E3877243813D600E9A84B /* FilterSectorViewController.swift */; };
		C71E387A2438175D00E9A84B /* FilterPageViewController.swift in Sources */ = {isa = PBXBuildFile; fileRef = C71E38792438175D00E9A84B /* FilterPageViewController.swift */; };
		C71E387C24381CEB00E9A84B /* Base.swift in Sources */ = {isa = PBXBuildFile; fileRef = C71E387B24381CEB00E9A84B /* Base.swift */; };
		C71E387E243830BC00E9A84B /* SectorFilter.swift in Sources */ = {isa = PBXBuildFile; fileRef = C71E387D243830BC00E9A84B /* SectorFilter.swift */; };
		C71E3880243830E500E9A84B /* ProfitabilityFilter.swift in Sources */ = {isa = PBXBuildFile; fileRef = C71E387F243830E500E9A84B /* ProfitabilityFilter.swift */; };
		C71E38822438310000E9A84B /* CapFilter.swift in Sources */ = {isa = PBXBuildFile; fileRef = C71E38812438310000E9A84B /* CapFilter.swift */; };
		C71E38842438312200E9A84B /* FilterType.swift in Sources */ = {isa = PBXBuildFile; fileRef = C71E38832438312200E9A84B /* FilterType.swift */; };
		C71E95B22401EE81005A2DC7 /* LaunchScreen.storyboard in Resources */ = {isa = PBXBuildFile; fileRef = C71E95B02401EE81005A2DC7 /* LaunchScreen.storyboard */; };
		C71E95B42401F122005A2DC7 /* StockCell.swift in Sources */ = {isa = PBXBuildFile; fileRef = C71E95B32401F122005A2DC7 /* StockCell.swift */; };
		C71E95B92421BA25005A2DC7 /* LoadingViewController.swift in Sources */ = {isa = PBXBuildFile; fileRef = C71E95B82421BA25005A2DC7 /* LoadingViewController.swift */; };
		C71E95C32421C0E5005A2DC7 /* loading.json in Resources */ = {isa = PBXBuildFile; fileRef = C71E95C12421C0E5005A2DC7 /* loading.json */; };
		C71E95C52426BDBF005A2DC7 /* FilterViewController.swift in Sources */ = {isa = PBXBuildFile; fileRef = C71E95C42426BDBF005A2DC7 /* FilterViewController.swift */; };
		C71E95C72426BE09005A2DC7 /* AccessoryView.swift in Sources */ = {isa = PBXBuildFile; fileRef = C71E95C62426BE09005A2DC7 /* AccessoryView.swift */; };
		C72461DB250DC74C005FF9E3 /* Metrics.swift in Sources */ = {isa = PBXBuildFile; fileRef = C72461DA250DC74C005FF9E3 /* Metrics.swift */; };
		C72461DD250E4234005FF9E3 /* MetricController.swift in Sources */ = {isa = PBXBuildFile; fileRef = C72461DC250E4234005FF9E3 /* MetricController.swift */; };
		C72BEB92245747D6000E7129 /* Router.swift in Sources */ = {isa = PBXBuildFile; fileRef = C72BEB91245747D6000E7129 /* Router.swift */; };
		C72BEB94245761D9000E7129 /* WelcomeViewController.swift in Sources */ = {isa = PBXBuildFile; fileRef = C72BEB93245761D9000E7129 /* WelcomeViewController.swift */; };
		C72BEB97245763AC000E7129 /* LoginViewController.swift in Sources */ = {isa = PBXBuildFile; fileRef = C72BEB96245763AC000E7129 /* LoginViewController.swift */; };
		C72BEB9924576518000E7129 /* SignUpViewController.swift in Sources */ = {isa = PBXBuildFile; fileRef = C72BEB9824576518000E7129 /* SignUpViewController.swift */; };
		C72BEB9D24577027000E7129 /* GoogleService-Info.plist in Resources */ = {isa = PBXBuildFile; fileRef = C72BEB9C24577027000E7129 /* GoogleService-Info.plist */; };
		C72BEB9F245774C3000E7129 /* AuthenticationManager.swift in Sources */ = {isa = PBXBuildFile; fileRef = C72BEB9E245774C3000E7129 /* AuthenticationManager.swift */; };
		C74ABB54245229C3002FF441 /* SubscriptionViewController.swift in Sources */ = {isa = PBXBuildFile; fileRef = C74ABB53245229C3002FF441 /* SubscriptionViewController.swift */; };
		C74ABB5724573F5E002FF441 /* SubscriptionManager.swift in Sources */ = {isa = PBXBuildFile; fileRef = C74ABB5624573F5E002FF441 /* SubscriptionManager.swift */; };
		C74ABB5A245740C6002FF441 /* SubscriptionCell.swift in Sources */ = {isa = PBXBuildFile; fileRef = C74ABB59245740C6002FF441 /* SubscriptionCell.swift */; };
		C764584424F30EDC00E332C0 /* IntrinsicValueViewController.swift in Sources */ = {isa = PBXBuildFile; fileRef = C764584324F30EDC00E332C0 /* IntrinsicValueViewController.swift */; };
		C764584624F3511E00E332C0 /* StockInfoHeader.swift in Sources */ = {isa = PBXBuildFile; fileRef = C764584524F3511E00E332C0 /* StockInfoHeader.swift */; };
		C76C3ECA2500A16D004BA76B /* PreferredMetricsTable.swift in Sources */ = {isa = PBXBuildFile; fileRef = C76C3EC92500A16D004BA76B /* PreferredMetricsTable.swift */; };
		C76C3ECC250C3BC0004BA76B /* DetailedGrowthChart.swift in Sources */ = {isa = PBXBuildFile; fileRef = C76C3ECB250C3BC0004BA76B /* DetailedGrowthChart.swift */; };
		C7A22BC624F9B744007F93D3 /* FinancialRatios.swift in Sources */ = {isa = PBXBuildFile; fileRef = C7A22BC524F9B744007F93D3 /* FinancialRatios.swift */; };
		D113D12B1AD8894724938DB3 /* Pods_StockerTests.framework in Frameworks */ = {isa = PBXBuildFile; fileRef = A939D96A39E6E627F4E28267 /* Pods_StockerTests.framework */; };
/* End PBXBuildFile section */

/* Begin PBXContainerItemProxy section */
		524560AC23FC7687003686BE /* PBXContainerItemProxy */ = {
			isa = PBXContainerItemProxy;
			containerPortal = 5245608D23FC7685003686BE /* Project object */;
			proxyType = 1;
			remoteGlobalIDString = 5245609423FC7685003686BE;
			remoteInfo = stocks;
		};
		524560B723FC7687003686BE /* PBXContainerItemProxy */ = {
			isa = PBXContainerItemProxy;
			containerPortal = 5245608D23FC7685003686BE /* Project object */;
			proxyType = 1;
			remoteGlobalIDString = 5245609423FC7685003686BE;
			remoteInfo = stocks;
		};
/* End PBXContainerItemProxy section */

/* Begin PBXFileReference section */
		14DC7E39EE0FBE1A9CD53BA2 /* Pods_Stocker.framework */ = {isa = PBXFileReference; explicitFileType = wrapper.framework; includeInIndex = 0; path = Pods_Stocker.framework; sourceTree = BUILT_PRODUCTS_DIR; };
		231B21C151FA2EE10854E6BF /* Pods-Stocker.release.xcconfig */ = {isa = PBXFileReference; includeInIndex = 1; lastKnownFileType = text.xcconfig; name = "Pods-Stocker.release.xcconfig"; path = "Target Support Files/Pods-Stocker/Pods-Stocker.release.xcconfig"; sourceTree = "<group>"; };
		3D03DF0C366514A8ABF83A06 /* Pods-stocks-stocksUITests.release.xcconfig */ = {isa = PBXFileReference; includeInIndex = 1; lastKnownFileType = text.xcconfig; name = "Pods-stocks-stocksUITests.release.xcconfig"; path = "Target Support Files/Pods-stocks-stocksUITests/Pods-stocks-stocksUITests.release.xcconfig"; sourceTree = "<group>"; };
		45A2574688D447315D2D89D6 /* Pods-Stocker-StockerUITests.debug.xcconfig */ = {isa = PBXFileReference; includeInIndex = 1; lastKnownFileType = text.xcconfig; name = "Pods-Stocker-StockerUITests.debug.xcconfig"; path = "Target Support Files/Pods-Stocker-StockerUITests/Pods-Stocker-StockerUITests.debug.xcconfig"; sourceTree = "<group>"; };
		4B8A75072056E05202B1FD64 /* Pods-Stocker-StockerUITests.release.xcconfig */ = {isa = PBXFileReference; includeInIndex = 1; lastKnownFileType = text.xcconfig; name = "Pods-Stocker-StockerUITests.release.xcconfig"; path = "Target Support Files/Pods-Stocker-StockerUITests/Pods-Stocker-StockerUITests.release.xcconfig"; sourceTree = "<group>"; };
		52108CD8241FCA39000A472B /* KeyMetrics.swift */ = {isa = PBXFileReference; lastKnownFileType = sourcecode.swift; path = KeyMetrics.swift; sourceTree = "<group>"; };
		52108CDA241FCA7C000A472B /* GrowthMetrics.swift */ = {isa = PBXFileReference; lastKnownFileType = sourcecode.swift; path = GrowthMetrics.swift; sourceTree = "<group>"; };
		52108CDC241FCB5E000A472B /* Stock+Api.swift */ = {isa = PBXFileReference; lastKnownFileType = sourcecode.swift; path = "Stock+Api.swift"; sourceTree = "<group>"; };
		52108D272421661E000A472B /* Util.swift */ = {isa = PBXFileReference; lastKnownFileType = sourcecode.swift; path = Util.swift; sourceTree = "<group>"; };
		5245609523FC7685003686BE /* Stocker.app */ = {isa = PBXFileReference; explicitFileType = wrapper.application; includeInIndex = 0; path = Stocker.app; sourceTree = BUILT_PRODUCTS_DIR; };
		5245609823FC7685003686BE /* AppDelegate.swift */ = {isa = PBXFileReference; lastKnownFileType = sourcecode.swift; path = AppDelegate.swift; sourceTree = "<group>"; };
		5245609A23FC7685003686BE /* SceneDelegate.swift */ = {isa = PBXFileReference; lastKnownFileType = sourcecode.swift; path = SceneDelegate.swift; sourceTree = "<group>"; };
		5245609C23FC7685003686BE /* ListViewController.swift */ = {isa = PBXFileReference; lastKnownFileType = sourcecode.swift; path = ListViewController.swift; sourceTree = "<group>"; };
		524560A123FC7687003686BE /* Assets.xcassets */ = {isa = PBXFileReference; lastKnownFileType = folder.assetcatalog; path = Assets.xcassets; sourceTree = "<group>"; };
		524560A623FC7687003686BE /* Info.plist */ = {isa = PBXFileReference; lastKnownFileType = text.plist.xml; path = Info.plist; sourceTree = "<group>"; };
		524560AB23FC7687003686BE /* StockerTests.xctest */ = {isa = PBXFileReference; explicitFileType = wrapper.cfbundle; includeInIndex = 0; path = StockerTests.xctest; sourceTree = BUILT_PRODUCTS_DIR; };
		524560AF23FC7687003686BE /* stocksTests.swift */ = {isa = PBXFileReference; lastKnownFileType = sourcecode.swift; path = stocksTests.swift; sourceTree = "<group>"; };
		524560B123FC7687003686BE /* Info.plist */ = {isa = PBXFileReference; lastKnownFileType = text.plist.xml; path = Info.plist; sourceTree = "<group>"; };
		524560B623FC7687003686BE /* StockerUITests.xctest */ = {isa = PBXFileReference; explicitFileType = wrapper.cfbundle; includeInIndex = 0; path = StockerUITests.xctest; sourceTree = BUILT_PRODUCTS_DIR; };
		524560BA23FC7687003686BE /* stocksUITests.swift */ = {isa = PBXFileReference; lastKnownFileType = sourcecode.swift; path = stocksUITests.swift; sourceTree = "<group>"; };
		524560BC23FC7687003686BE /* Info.plist */ = {isa = PBXFileReference; lastKnownFileType = text.plist.xml; path = Info.plist; sourceTree = "<group>"; };
		524560C823FDD7FC003686BE /* Stock.swift */ = {isa = PBXFileReference; lastKnownFileType = sourcecode.swift; path = Stock.swift; sourceTree = "<group>"; };
		524560CA23FDDB68003686BE /* Networking.swift */ = {isa = PBXFileReference; lastKnownFileType = sourcecode.swift; path = Networking.swift; sourceTree = "<group>"; };
		529B645B2433C64B00C806C0 /* StocksViewModel.swift */ = {isa = PBXFileReference; lastKnownFileType = sourcecode.swift; path = StocksViewModel.swift; sourceTree = "<group>"; };
		52A5E016242BDCDF00C25872 /* IntrinsicValue.swift */ = {isa = PBXFileReference; lastKnownFileType = sourcecode.swift; path = IntrinsicValue.swift; sourceTree = "<group>"; };
		52A5E018242BEFB000C25872 /* StockDetailViewController.swift */ = {isa = PBXFileReference; lastKnownFileType = sourcecode.swift; path = StockDetailViewController.swift; sourceTree = "<group>"; };
		52D0CC492446377800C36300 /* CashFlows.swift */ = {isa = PBXFileReference; lastKnownFileType = sourcecode.swift; path = CashFlows.swift; sourceTree = "<group>"; };
		52D0CC4D24464EE400C36300 /* PeriodicValueChangeViewController.swift */ = {isa = PBXFileReference; lastKnownFileType = sourcecode.swift; path = PeriodicValueChangeViewController.swift; sourceTree = "<group>"; };
		52D0CC4F2447577300C36300 /* SimpleGrowthChart.swift */ = {isa = PBXFileReference; lastKnownFileType = sourcecode.swift; path = SimpleGrowthChart.swift; sourceTree = "<group>"; };
		52D0CC5324476D0100C36300 /* StockDetailHelpers.swift */ = {isa = PBXFileReference; lastKnownFileType = sourcecode.swift; path = StockDetailHelpers.swift; sourceTree = "<group>"; };
		52D0CC58245B009C00C36300 /* DatabaseManager.swift */ = {isa = PBXFileReference; lastKnownFileType = sourcecode.swift; path = DatabaseManager.swift; sourceTree = "<group>"; };
		52D65F2C2433AC0C00647074 /* GrowthTable.swift */ = {isa = PBXFileReference; lastKnownFileType = sourcecode.swift; path = GrowthTable.swift; sourceTree = "<group>"; };
		52D9B1B824292C9700E67BF2 /* Ticker.swift */ = {isa = PBXFileReference; lastKnownFileType = sourcecode.swift; path = Ticker.swift; sourceTree = "<group>"; };
		52D9B1BA24292CCF00E67BF2 /* Profile.swift */ = {isa = PBXFileReference; lastKnownFileType = sourcecode.swift; path = Profile.swift; sourceTree = "<group>"; };
		52D9B1BC24292D0B00E67BF2 /* Filter.swift */ = {isa = PBXFileReference; lastKnownFileType = sourcecode.swift; path = Filter.swift; sourceTree = "<group>"; };
		52D9B1BE242932F300E67BF2 /* SortViewController.swift */ = {isa = PBXFileReference; lastKnownFileType = sourcecode.swift; path = SortViewController.swift; sourceTree = "<group>"; };
		52D9B1C12429351500E67BF2 /* SortView.swift */ = {isa = PBXFileReference; lastKnownFileType = sourcecode.swift; path = SortView.swift; sourceTree = "<group>"; };
		52D9B1C624294C2F00E67BF2 /* profile.json */ = {isa = PBXFileReference; lastKnownFileType = text.json; path = profile.json; sourceTree = "<group>"; };
		52D9B1CC242955B000E67BF2 /* key-metrics.json */ = {isa = PBXFileReference; lastKnownFileType = text.json; path = "key-metrics.json"; sourceTree = "<group>"; };
		52D9B1CE2429592900E67BF2 /* growth-metrics.json */ = {isa = PBXFileReference; lastKnownFileType = text.json; path = "growth-metrics.json"; sourceTree = "<group>"; };
		54B16BC799C59D4AD48E7138 /* Pods-stocks.release.xcconfig */ = {isa = PBXFileReference; includeInIndex = 1; lastKnownFileType = text.xcconfig; name = "Pods-stocks.release.xcconfig"; path = "Target Support Files/Pods-stocks/Pods-stocks.release.xcconfig"; sourceTree = "<group>"; };
		5601BB24DE801047FACEF69C /* Pods-Stocker.debug.xcconfig */ = {isa = PBXFileReference; includeInIndex = 1; lastKnownFileType = text.xcconfig; name = "Pods-Stocker.debug.xcconfig"; path = "Target Support Files/Pods-Stocker/Pods-Stocker.debug.xcconfig"; sourceTree = "<group>"; };
		5EDB18D3CFC466D51413DDD1 /* Pods-stocks-stocksUITests.debug.xcconfig */ = {isa = PBXFileReference; includeInIndex = 1; lastKnownFileType = text.xcconfig; name = "Pods-stocks-stocksUITests.debug.xcconfig"; path = "Target Support Files/Pods-stocks-stocksUITests/Pods-stocks-stocksUITests.debug.xcconfig"; sourceTree = "<group>"; };
		6E0C904E4B027EAAE4395C5B /* Pods-stocksTests.debug.xcconfig */ = {isa = PBXFileReference; includeInIndex = 1; lastKnownFileType = text.xcconfig; name = "Pods-stocksTests.debug.xcconfig"; path = "Target Support Files/Pods-stocksTests/Pods-stocksTests.debug.xcconfig"; sourceTree = "<group>"; };
		701D4597526E59BC19DEF782 /* Pods_Stocker_StockerUITests.framework */ = {isa = PBXFileReference; explicitFileType = wrapper.framework; includeInIndex = 0; path = Pods_Stocker_StockerUITests.framework; sourceTree = BUILT_PRODUCTS_DIR; };
		A939D96A39E6E627F4E28267 /* Pods_StockerTests.framework */ = {isa = PBXFileReference; explicitFileType = wrapper.framework; includeInIndex = 0; path = Pods_StockerTests.framework; sourceTree = BUILT_PRODUCTS_DIR; };
		C708ED0D2444AFDD00FC9425 /* BalanceSheet.swift */ = {isa = PBXFileReference; lastKnownFileType = sourcecode.swift; path = BalanceSheet.swift; sourceTree = "<group>"; };
		C708ED112444E6E100FC9425 /* FinancialsViewController.swift */ = {isa = PBXFileReference; lastKnownFileType = sourcecode.swift; path = FinancialsViewController.swift; sourceTree = "<group>"; };
		C708ED132445E60500FC9425 /* IncomeStatement.swift */ = {isa = PBXFileReference; lastKnownFileType = sourcecode.swift; path = IncomeStatement.swift; sourceTree = "<group>"; };
		C71BBCFF24393D4B00486528 /* SectorFilterView.swift */ = {isa = PBXFileReference; lastKnownFileType = sourcecode.swift; path = SectorFilterView.swift; sourceTree = "<group>"; };
		C71BBD02243A68F000486528 /* ListViewController+SortFilter.swift */ = {isa = PBXFileReference; lastKnownFileType = sourcecode.swift; path = "ListViewController+SortFilter.swift"; sourceTree = "<group>"; };
		C71E386F2437971C00E9A84B /* FilterCapViewController.swift */ = {isa = PBXFileReference; lastKnownFileType = sourcecode.swift; path = FilterCapViewController.swift; sourceTree = "<group>"; };
		C71E3871243800BB00E9A84B /* FilterView.swift */ = {isa = PBXFileReference; lastKnownFileType = sourcecode.swift; path = FilterView.swift; sourceTree = "<group>"; };
		C71E3873243801BF00E9A84B /* DrillDownView.swift */ = {isa = PBXFileReference; lastKnownFileType = sourcecode.swift; path = DrillDownView.swift; sourceTree = "<group>"; };
		C71E38752438134300E9A84B /* FilterProfitabilityViewController.swift */ = {isa = PBXFileReference; lastKnownFileType = sourcecode.swift; path = FilterProfitabilityViewController.swift; sourceTree = "<group>"; };
		C71E3877243813D600E9A84B /* FilterSectorViewController.swift */ = {isa = PBXFileReference; lastKnownFileType = sourcecode.swift; path = FilterSectorViewController.swift; sourceTree = "<group>"; };
		C71E38792438175D00E9A84B /* FilterPageViewController.swift */ = {isa = PBXFileReference; lastKnownFileType = sourcecode.swift; path = FilterPageViewController.swift; sourceTree = "<group>"; };
		C71E387B24381CEB00E9A84B /* Base.swift */ = {isa = PBXFileReference; lastKnownFileType = sourcecode.swift; path = Base.swift; sourceTree = "<group>"; };
		C71E387D243830BC00E9A84B /* SectorFilter.swift */ = {isa = PBXFileReference; lastKnownFileType = sourcecode.swift; path = SectorFilter.swift; sourceTree = "<group>"; };
		C71E387F243830E500E9A84B /* ProfitabilityFilter.swift */ = {isa = PBXFileReference; lastKnownFileType = sourcecode.swift; path = ProfitabilityFilter.swift; sourceTree = "<group>"; };
		C71E38812438310000E9A84B /* CapFilter.swift */ = {isa = PBXFileReference; lastKnownFileType = sourcecode.swift; path = CapFilter.swift; sourceTree = "<group>"; };
		C71E38832438312200E9A84B /* FilterType.swift */ = {isa = PBXFileReference; lastKnownFileType = sourcecode.swift; path = FilterType.swift; sourceTree = "<group>"; };
		C71E95B02401EE81005A2DC7 /* LaunchScreen.storyboard */ = {isa = PBXFileReference; fileEncoding = 4; lastKnownFileType = file.storyboard; path = LaunchScreen.storyboard; sourceTree = "<group>"; };
		C71E95B32401F122005A2DC7 /* StockCell.swift */ = {isa = PBXFileReference; lastKnownFileType = sourcecode.swift; path = StockCell.swift; sourceTree = "<group>"; };
		C71E95B82421BA25005A2DC7 /* LoadingViewController.swift */ = {isa = PBXFileReference; lastKnownFileType = sourcecode.swift; path = LoadingViewController.swift; sourceTree = "<group>"; };
		C71E95C12421C0E5005A2DC7 /* loading.json */ = {isa = PBXFileReference; fileEncoding = 4; lastKnownFileType = text.json; path = loading.json; sourceTree = "<group>"; };
		C71E95C42426BDBF005A2DC7 /* FilterViewController.swift */ = {isa = PBXFileReference; lastKnownFileType = sourcecode.swift; path = FilterViewController.swift; sourceTree = "<group>"; };
		C71E95C62426BE09005A2DC7 /* AccessoryView.swift */ = {isa = PBXFileReference; lastKnownFileType = sourcecode.swift; path = AccessoryView.swift; sourceTree = "<group>"; };
		C72461DA250DC74C005FF9E3 /* Metrics.swift */ = {isa = PBXFileReference; lastKnownFileType = sourcecode.swift; path = Metrics.swift; sourceTree = "<group>"; };
		C72461DC250E4234005FF9E3 /* MetricController.swift */ = {isa = PBXFileReference; lastKnownFileType = sourcecode.swift; path = MetricController.swift; sourceTree = "<group>"; };
		C72BEB91245747D6000E7129 /* Router.swift */ = {isa = PBXFileReference; lastKnownFileType = sourcecode.swift; path = Router.swift; sourceTree = "<group>"; };
		C72BEB93245761D9000E7129 /* WelcomeViewController.swift */ = {isa = PBXFileReference; lastKnownFileType = sourcecode.swift; path = WelcomeViewController.swift; sourceTree = "<group>"; };
		C72BEB96245763AC000E7129 /* LoginViewController.swift */ = {isa = PBXFileReference; lastKnownFileType = sourcecode.swift; path = LoginViewController.swift; sourceTree = "<group>"; };
		C72BEB9824576518000E7129 /* SignUpViewController.swift */ = {isa = PBXFileReference; lastKnownFileType = sourcecode.swift; path = SignUpViewController.swift; sourceTree = "<group>"; };
		C72BEB9C24577027000E7129 /* GoogleService-Info.plist */ = {isa = PBXFileReference; fileEncoding = 4; lastKnownFileType = text.plist.xml; path = "GoogleService-Info.plist"; sourceTree = "<group>"; };
		C72BEB9E245774C3000E7129 /* AuthenticationManager.swift */ = {isa = PBXFileReference; lastKnownFileType = sourcecode.swift; path = AuthenticationManager.swift; sourceTree = "<group>"; };
		C74ABB53245229C3002FF441 /* SubscriptionViewController.swift */ = {isa = PBXFileReference; lastKnownFileType = sourcecode.swift; path = SubscriptionViewController.swift; sourceTree = "<group>"; };
		C74ABB5624573F5E002FF441 /* SubscriptionManager.swift */ = {isa = PBXFileReference; lastKnownFileType = sourcecode.swift; path = SubscriptionManager.swift; sourceTree = "<group>"; };
		C74ABB59245740C6002FF441 /* SubscriptionCell.swift */ = {isa = PBXFileReference; lastKnownFileType = sourcecode.swift; path = SubscriptionCell.swift; sourceTree = "<group>"; };
		C764584324F30EDC00E332C0 /* IntrinsicValueViewController.swift */ = {isa = PBXFileReference; lastKnownFileType = sourcecode.swift; path = IntrinsicValueViewController.swift; sourceTree = "<group>"; };
		C764584524F3511E00E332C0 /* StockInfoHeader.swift */ = {isa = PBXFileReference; lastKnownFileType = sourcecode.swift; path = StockInfoHeader.swift; sourceTree = "<group>"; };
		C76C3EC92500A16D004BA76B /* PreferredMetricsTable.swift */ = {isa = PBXFileReference; lastKnownFileType = sourcecode.swift; path = PreferredMetricsTable.swift; sourceTree = "<group>"; };
		C76C3ECB250C3BC0004BA76B /* DetailedGrowthChart.swift */ = {isa = PBXFileReference; lastKnownFileType = sourcecode.swift; path = DetailedGrowthChart.swift; sourceTree = "<group>"; };
		C7A22BC524F9B744007F93D3 /* FinancialRatios.swift */ = {isa = PBXFileReference; lastKnownFileType = sourcecode.swift; path = FinancialRatios.swift; sourceTree = "<group>"; };
		E3D1FFD4B80293787542E2E0 /* Pods-stocksTests.release.xcconfig */ = {isa = PBXFileReference; includeInIndex = 1; lastKnownFileType = text.xcconfig; name = "Pods-stocksTests.release.xcconfig"; path = "Target Support Files/Pods-stocksTests/Pods-stocksTests.release.xcconfig"; sourceTree = "<group>"; };
		F07714A4AFC2055CABEB9ADF /* Pods-StockerTests.release.xcconfig */ = {isa = PBXFileReference; includeInIndex = 1; lastKnownFileType = text.xcconfig; name = "Pods-StockerTests.release.xcconfig"; path = "Target Support Files/Pods-StockerTests/Pods-StockerTests.release.xcconfig"; sourceTree = "<group>"; };
		F14FA1D88A985D5EF8E765CD /* Pods-stocks.debug.xcconfig */ = {isa = PBXFileReference; includeInIndex = 1; lastKnownFileType = text.xcconfig; name = "Pods-stocks.debug.xcconfig"; path = "Target Support Files/Pods-stocks/Pods-stocks.debug.xcconfig"; sourceTree = "<group>"; };
		F20D1D09FBAF3157FD30F77D /* Pods-StockerTests.debug.xcconfig */ = {isa = PBXFileReference; includeInIndex = 1; lastKnownFileType = text.xcconfig; name = "Pods-StockerTests.debug.xcconfig"; path = "Target Support Files/Pods-StockerTests/Pods-StockerTests.debug.xcconfig"; sourceTree = "<group>"; };
/* End PBXFileReference section */

/* Begin PBXFrameworksBuildPhase section */
		5245609223FC7685003686BE /* Frameworks */ = {
			isa = PBXFrameworksBuildPhase;
			buildActionMask = 2147483647;
			files = (
				51007064FCD17911765E42ED /* Pods_Stocker.framework in Frameworks */,
			);
			runOnlyForDeploymentPostprocessing = 0;
		};
		524560A823FC7687003686BE /* Frameworks */ = {
			isa = PBXFrameworksBuildPhase;
			buildActionMask = 2147483647;
			files = (
				D113D12B1AD8894724938DB3 /* Pods_StockerTests.framework in Frameworks */,
			);
			runOnlyForDeploymentPostprocessing = 0;
		};
		524560B323FC7687003686BE /* Frameworks */ = {
			isa = PBXFrameworksBuildPhase;
			buildActionMask = 2147483647;
			files = (
				B209D754A59F455057E088C7 /* Pods_Stocker_StockerUITests.framework in Frameworks */,
			);
			runOnlyForDeploymentPostprocessing = 0;
		};
/* End PBXFrameworksBuildPhase section */

/* Begin PBXGroup section */
		41DF0AEAA64B7647E7801EC2 /* Pods */ = {
			isa = PBXGroup;
			children = (
				F14FA1D88A985D5EF8E765CD /* Pods-stocks.debug.xcconfig */,
				54B16BC799C59D4AD48E7138 /* Pods-stocks.release.xcconfig */,
				5EDB18D3CFC466D51413DDD1 /* Pods-stocks-stocksUITests.debug.xcconfig */,
				3D03DF0C366514A8ABF83A06 /* Pods-stocks-stocksUITests.release.xcconfig */,
				6E0C904E4B027EAAE4395C5B /* Pods-stocksTests.debug.xcconfig */,
				E3D1FFD4B80293787542E2E0 /* Pods-stocksTests.release.xcconfig */,
				5601BB24DE801047FACEF69C /* Pods-Stocker.debug.xcconfig */,
				231B21C151FA2EE10854E6BF /* Pods-Stocker.release.xcconfig */,
				45A2574688D447315D2D89D6 /* Pods-Stocker-StockerUITests.debug.xcconfig */,
				4B8A75072056E05202B1FD64 /* Pods-Stocker-StockerUITests.release.xcconfig */,
				F20D1D09FBAF3157FD30F77D /* Pods-StockerTests.debug.xcconfig */,
				F07714A4AFC2055CABEB9ADF /* Pods-StockerTests.release.xcconfig */,
			);
			path = Pods;
			sourceTree = "<group>";
		};
		5245608C23FC7685003686BE = {
			isa = PBXGroup;
			children = (
				C71E95B52421B8E3005A2DC7 /* Animations */,
				5245609723FC7685003686BE /* stocks */,
				524560AE23FC7687003686BE /* stocksTests */,
				524560B923FC7687003686BE /* stocksUITests */,
				5245609623FC7685003686BE /* Products */,
				41DF0AEAA64B7647E7801EC2 /* Pods */,
				B0D50C25142ADE2C773BFD6F /* Frameworks */,
			);
			sourceTree = "<group>";
		};
		5245609623FC7685003686BE /* Products */ = {
			isa = PBXGroup;
			children = (
				5245609523FC7685003686BE /* Stocker.app */,
				524560AB23FC7687003686BE /* StockerTests.xctest */,
				524560B623FC7687003686BE /* StockerUITests.xctest */,
			);
			name = Products;
			sourceTree = "<group>";
		};
		5245609723FC7685003686BE /* stocks */ = {
			isa = PBXGroup;
			children = (
				5245609823FC7685003686BE /* AppDelegate.swift */,
				5245609A23FC7685003686BE /* SceneDelegate.swift */,
				C71E95B82421BA25005A2DC7 /* LoadingViewController.swift */,
				C72BEB95245761E1000E7129 /* Authentication */,
				C71BBD01243A68A300486528 /* ListViewController */,
				C74ABB5824574093002FF441 /* Subscription */,
				52D65F2B2433ABC400647074 /* StockDetails */,
				52D9B1C324293EDD00E67BF2 /* Sort */,
				52D9B1C02429350300E67BF2 /* Filter */,
				52D9B1C424293EF000E67BF2 /* Stock */,
				C74ABB5524573F4B002FF441 /* Util */,
				C71E95B02401EE81005A2DC7 /* LaunchScreen.storyboard */,
				524560A123FC7687003686BE /* Assets.xcassets */,
				524560A623FC7687003686BE /* Info.plist */,
				C72BEB9C24577027000E7129 /* GoogleService-Info.plist */,
			);
			path = stocks;
			sourceTree = "<group>";
		};
		524560AE23FC7687003686BE /* stocksTests */ = {
			isa = PBXGroup;
			children = (
				52D9B1C524294BC200E67BF2 /* JSON data */,
				524560AF23FC7687003686BE /* stocksTests.swift */,
				524560B123FC7687003686BE /* Info.plist */,
			);
			path = stocksTests;
			sourceTree = "<group>";
		};
		524560B923FC7687003686BE /* stocksUITests */ = {
			isa = PBXGroup;
			children = (
				524560BA23FC7687003686BE /* stocksUITests.swift */,
				524560BC23FC7687003686BE /* Info.plist */,
			);
			path = stocksUITests;
			sourceTree = "<group>";
		};
		52D0CC552448C04700C36300 /* Financial view controllers */ = {
			isa = PBXGroup;
			children = (
				C708ED112444E6E100FC9425 /* FinancialsViewController.swift */,
				C72461DC250E4234005FF9E3 /* MetricController.swift */,
			);
			path = "Financial view controllers";
			sourceTree = "<group>";
		};
		52D65F2B2433ABC400647074 /* StockDetails */ = {
			isa = PBXGroup;
			children = (
				52D0CC552448C04700C36300 /* Financial view controllers */,
				52A5E018242BEFB000C25872 /* StockDetailViewController.swift */,
				C76C3EC92500A16D004BA76B /* PreferredMetricsTable.swift */,
				C764584324F30EDC00E332C0 /* IntrinsicValueViewController.swift */,
				52D65F2C2433AC0C00647074 /* GrowthTable.swift */,
				C764584524F3511E00E332C0 /* StockInfoHeader.swift */,
				52D0CC4D24464EE400C36300 /* PeriodicValueChangeViewController.swift */,
				52D0CC4F2447577300C36300 /* SimpleGrowthChart.swift */,
				C76C3ECB250C3BC0004BA76B /* DetailedGrowthChart.swift */,
				52D0CC5324476D0100C36300 /* StockDetailHelpers.swift */,
			);
			path = StockDetails;
			sourceTree = "<group>";
		};
		52D9B1C02429350300E67BF2 /* Filter */ = {
			isa = PBXGroup;
			children = (
				C71BBD04243A69CB00486528 /* FIlter Controllers */,
				C71BBD05243A69DC00486528 /* Filter views */,
				C71BBD06243A69F700486528 /* Filter Enums */,
			);
			path = Filter;
			sourceTree = "<group>";
		};
		52D9B1C324293EDD00E67BF2 /* Sort */ = {
			isa = PBXGroup;
			children = (
				52D9B1BE242932F300E67BF2 /* SortViewController.swift */,
				52D9B1C12429351500E67BF2 /* SortView.swift */,
			);
			path = Sort;
			sourceTree = "<group>";
		};
		52D9B1C424293EF000E67BF2 /* Stock */ = {
			isa = PBXGroup;
			children = (
				524560C823FDD7FC003686BE /* Stock.swift */,
				52A5E016242BDCDF00C25872 /* IntrinsicValue.swift */,
				52108CDC241FCB5E000A472B /* Stock+Api.swift */,
				52108CD8241FCA39000A472B /* KeyMetrics.swift */,
				C7A22BC524F9B744007F93D3 /* FinancialRatios.swift */,
				C708ED0D2444AFDD00FC9425 /* BalanceSheet.swift */,
				C708ED132445E60500FC9425 /* IncomeStatement.swift */,
				52D0CC492446377800C36300 /* CashFlows.swift */,
				C72461DA250DC74C005FF9E3 /* Metrics.swift */,
				52D9B1BA24292CCF00E67BF2 /* Profile.swift */,
				52D9B1B824292C9700E67BF2 /* Ticker.swift */,
				52108CDA241FCA7C000A472B /* GrowthMetrics.swift */,
			);
			path = Stock;
			sourceTree = "<group>";
		};
		52D9B1C524294BC200E67BF2 /* JSON data */ = {
			isa = PBXGroup;
			children = (
				52D9B1C624294C2F00E67BF2 /* profile.json */,
				52D9B1CC242955B000E67BF2 /* key-metrics.json */,
				52D9B1CE2429592900E67BF2 /* growth-metrics.json */,
			);
			path = "JSON data";
			sourceTree = "<group>";
		};
		B0D50C25142ADE2C773BFD6F /* Frameworks */ = {
			isa = PBXGroup;
			children = (
				14DC7E39EE0FBE1A9CD53BA2 /* Pods_Stocker.framework */,
				701D4597526E59BC19DEF782 /* Pods_Stocker_StockerUITests.framework */,
				A939D96A39E6E627F4E28267 /* Pods_StockerTests.framework */,
			);
			name = Frameworks;
			sourceTree = "<group>";
		};
		C71BBD01243A68A300486528 /* ListViewController */ = {
			isa = PBXGroup;
			children = (
				529B645B2433C64B00C806C0 /* StocksViewModel.swift */,
				5245609C23FC7685003686BE /* ListViewController.swift */,
				C71BBD02243A68F000486528 /* ListViewController+SortFilter.swift */,
				C71E95B32401F122005A2DC7 /* StockCell.swift */,
			);
			path = ListViewController;
			sourceTree = "<group>";
		};
		C71BBD04243A69CB00486528 /* FIlter Controllers */ = {
			isa = PBXGroup;
			children = (
				C71E95C42426BDBF005A2DC7 /* FilterViewController.swift */,
				C71E38792438175D00E9A84B /* FilterPageViewController.swift */,
				C71E386F2437971C00E9A84B /* FilterCapViewController.swift */,
				C71E38752438134300E9A84B /* FilterProfitabilityViewController.swift */,
				C71E3877243813D600E9A84B /* FilterSectorViewController.swift */,
			);
			path = "FIlter Controllers";
			sourceTree = "<group>";
		};
		C71BBD05243A69DC00486528 /* Filter views */ = {
			isa = PBXGroup;
			children = (
				C71E95C62426BE09005A2DC7 /* AccessoryView.swift */,
				C71E3871243800BB00E9A84B /* FilterView.swift */,
				C71BBCFF24393D4B00486528 /* SectorFilterView.swift */,
				C71E3873243801BF00E9A84B /* DrillDownView.swift */,
			);
			path = "Filter views";
			sourceTree = "<group>";
		};
		C71BBD06243A69F700486528 /* Filter Enums */ = {
			isa = PBXGroup;
			children = (
				52D9B1BC24292D0B00E67BF2 /* Filter.swift */,
				C71E38832438312200E9A84B /* FilterType.swift */,
				C71E38812438310000E9A84B /* CapFilter.swift */,
				C71E387D243830BC00E9A84B /* SectorFilter.swift */,
				C71E387F243830E500E9A84B /* ProfitabilityFilter.swift */,
			);
			path = "Filter Enums";
			sourceTree = "<group>";
		};
		C71E95B52421B8E3005A2DC7 /* Animations */ = {
			isa = PBXGroup;
			children = (
				C71E95C12421C0E5005A2DC7 /* loading.json */,
			);
			path = Animations;
			sourceTree = "<group>";
		};
		C72BEB95245761E1000E7129 /* Authentication */ = {
			isa = PBXGroup;
			children = (
				C72BEB93245761D9000E7129 /* WelcomeViewController.swift */,
				C72BEB96245763AC000E7129 /* LoginViewController.swift */,
				C72BEB9824576518000E7129 /* SignUpViewController.swift */,
				C72BEB9E245774C3000E7129 /* AuthenticationManager.swift */,
			);
			path = Authentication;
			sourceTree = "<group>";
		};
		C74ABB5524573F4B002FF441 /* Util */ = {
			isa = PBXGroup;
			children = (
				52108D272421661E000A472B /* Util.swift */,
				C71E387B24381CEB00E9A84B /* Base.swift */,
				524560CA23FDDB68003686BE /* Networking.swift */,
				C72BEB91245747D6000E7129 /* Router.swift */,
				52D0CC58245B009C00C36300 /* DatabaseManager.swift */,
			);
			path = Util;
			sourceTree = "<group>";
		};
		C74ABB5824574093002FF441 /* Subscription */ = {
			isa = PBXGroup;
			children = (
				C74ABB5624573F5E002FF441 /* SubscriptionManager.swift */,
				C74ABB53245229C3002FF441 /* SubscriptionViewController.swift */,
				C74ABB59245740C6002FF441 /* SubscriptionCell.swift */,
			);
			path = Subscription;
			sourceTree = "<group>";
		};
/* End PBXGroup section */

/* Begin PBXNativeTarget section */
		5245609423FC7685003686BE /* Stocker */ = {
			isa = PBXNativeTarget;
			buildConfigurationList = 524560BF23FC7687003686BE /* Build configuration list for PBXNativeTarget "Stocker" */;
			buildPhases = (
				A284F6166C05FD383EDEDFC0 /* [CP] Check Pods Manifest.lock */,
				5245609123FC7685003686BE /* Sources */,
				5245609223FC7685003686BE /* Frameworks */,
				5245609323FC7685003686BE /* Resources */,
				DD5FF929456AE47CAA634ED7 /* [CP] Embed Pods Frameworks */,
			);
			buildRules = (
			);
			dependencies = (
			);
			name = Stocker;
			productName = stocks;
			productReference = 5245609523FC7685003686BE /* Stocker.app */;
			productType = "com.apple.product-type.application";
		};
		524560AA23FC7687003686BE /* StockerTests */ = {
			isa = PBXNativeTarget;
			buildConfigurationList = 524560C223FC7687003686BE /* Build configuration list for PBXNativeTarget "StockerTests" */;
			buildPhases = (
				D7F6CA3FB7FB92FE878D9343 /* [CP] Check Pods Manifest.lock */,
				524560A723FC7687003686BE /* Sources */,
				524560A823FC7687003686BE /* Frameworks */,
				524560A923FC7687003686BE /* Resources */,
				EED52D78262392040FCE4D2A /* [CP] Embed Pods Frameworks */,
			);
			buildRules = (
			);
			dependencies = (
				524560AD23FC7687003686BE /* PBXTargetDependency */,
			);
			name = StockerTests;
			productName = stocksTests;
			productReference = 524560AB23FC7687003686BE /* StockerTests.xctest */;
			productType = "com.apple.product-type.bundle.unit-test";
		};
		524560B523FC7687003686BE /* StockerUITests */ = {
			isa = PBXNativeTarget;
			buildConfigurationList = 524560C523FC7687003686BE /* Build configuration list for PBXNativeTarget "StockerUITests" */;
			buildPhases = (
				55DCA7BE4E62608E24BDBFE9 /* [CP] Check Pods Manifest.lock */,
				524560B223FC7687003686BE /* Sources */,
				524560B323FC7687003686BE /* Frameworks */,
				524560B423FC7687003686BE /* Resources */,
				99928BEC8F17E6E38DD43E49 /* [CP] Embed Pods Frameworks */,
			);
			buildRules = (
			);
			dependencies = (
				524560B823FC7687003686BE /* PBXTargetDependency */,
			);
			name = StockerUITests;
			productName = stocksUITests;
			productReference = 524560B623FC7687003686BE /* StockerUITests.xctest */;
			productType = "com.apple.product-type.bundle.ui-testing";
		};
/* End PBXNativeTarget section */

/* Begin PBXProject section */
		5245608D23FC7685003686BE /* Project object */ = {
			isa = PBXProject;
			attributes = {
				LastSwiftUpdateCheck = 1120;
				LastUpgradeCheck = 1120;
				ORGANIZATIONNAME = "Martin Peshevski";
				TargetAttributes = {
					5245609423FC7685003686BE = {
						CreatedOnToolsVersion = 11.2.1;
					};
					524560AA23FC7687003686BE = {
						CreatedOnToolsVersion = 11.2.1;
						TestTargetID = 5245609423FC7685003686BE;
					};
					524560B523FC7687003686BE = {
						CreatedOnToolsVersion = 11.2.1;
						TestTargetID = 5245609423FC7685003686BE;
					};
				};
			};
			buildConfigurationList = 5245609023FC7685003686BE /* Build configuration list for PBXProject "Stocker" */;
			compatibilityVersion = "Xcode 9.3";
			developmentRegion = en;
			hasScannedForEncodings = 0;
			knownRegions = (
				en,
				Base,
			);
			mainGroup = 5245608C23FC7685003686BE;
			productRefGroup = 5245609623FC7685003686BE /* Products */;
			projectDirPath = "";
			projectRoot = "";
			targets = (
				5245609423FC7685003686BE /* Stocker */,
				524560AA23FC7687003686BE /* StockerTests */,
				524560B523FC7687003686BE /* StockerUITests */,
			);
		};
/* End PBXProject section */

/* Begin PBXResourcesBuildPhase section */
		5245609323FC7685003686BE /* Resources */ = {
			isa = PBXResourcesBuildPhase;
			buildActionMask = 2147483647;
			files = (
				C71E95C32421C0E5005A2DC7 /* loading.json in Resources */,
				C72BEB9D24577027000E7129 /* GoogleService-Info.plist in Resources */,
				C71E95B22401EE81005A2DC7 /* LaunchScreen.storyboard in Resources */,
				524560A223FC7687003686BE /* Assets.xcassets in Resources */,
			);
			runOnlyForDeploymentPostprocessing = 0;
		};
		524560A923FC7687003686BE /* Resources */ = {
			isa = PBXResourcesBuildPhase;
			buildActionMask = 2147483647;
			files = (
				52D9B1CF2429592900E67BF2 /* growth-metrics.json in Resources */,
				52D9B1C724294C2F00E67BF2 /* profile.json in Resources */,
				52D9B1CD242955B000E67BF2 /* key-metrics.json in Resources */,
			);
			runOnlyForDeploymentPostprocessing = 0;
		};
		524560B423FC7687003686BE /* Resources */ = {
			isa = PBXResourcesBuildPhase;
			buildActionMask = 2147483647;
			files = (
			);
			runOnlyForDeploymentPostprocessing = 0;
		};
/* End PBXResourcesBuildPhase section */

/* Begin PBXShellScriptBuildPhase section */
		55DCA7BE4E62608E24BDBFE9 /* [CP] Check Pods Manifest.lock */ = {
			isa = PBXShellScriptBuildPhase;
			buildActionMask = 2147483647;
			files = (
			);
			inputFileListPaths = (
			);
			inputPaths = (
				"${PODS_PODFILE_DIR_PATH}/Podfile.lock",
				"${PODS_ROOT}/Manifest.lock",
			);
			name = "[CP] Check Pods Manifest.lock";
			outputFileListPaths = (
			);
			outputPaths = (
				"$(DERIVED_FILE_DIR)/Pods-Stocker-StockerUITests-checkManifestLockResult.txt",
			);
			runOnlyForDeploymentPostprocessing = 0;
			shellPath = /bin/sh;
			shellScript = "diff \"${PODS_PODFILE_DIR_PATH}/Podfile.lock\" \"${PODS_ROOT}/Manifest.lock\" > /dev/null\nif [ $? != 0 ] ; then\n    # print error to STDERR\n    echo \"error: The sandbox is not in sync with the Podfile.lock. Run 'pod install' or update your CocoaPods installation.\" >&2\n    exit 1\nfi\n# This output is used by Xcode 'outputs' to avoid re-running this script phase.\necho \"SUCCESS\" > \"${SCRIPT_OUTPUT_FILE_0}\"\n";
			showEnvVarsInLog = 0;
		};
		99928BEC8F17E6E38DD43E49 /* [CP] Embed Pods Frameworks */ = {
			isa = PBXShellScriptBuildPhase;
			buildActionMask = 2147483647;
			files = (
			);
			inputFileListPaths = (
				"${PODS_ROOT}/Target Support Files/Pods-Stocker-StockerUITests/Pods-Stocker-StockerUITests-frameworks-${CONFIGURATION}-input-files.xcfilelist",
			);
			name = "[CP] Embed Pods Frameworks";
			outputFileListPaths = (
				"${PODS_ROOT}/Target Support Files/Pods-Stocker-StockerUITests/Pods-Stocker-StockerUITests-frameworks-${CONFIGURATION}-output-files.xcfilelist",
			);
			runOnlyForDeploymentPostprocessing = 0;
			shellPath = /bin/sh;
			shellScript = "\"${PODS_ROOT}/Target Support Files/Pods-Stocker-StockerUITests/Pods-Stocker-StockerUITests-frameworks.sh\"\n";
			showEnvVarsInLog = 0;
		};
		A284F6166C05FD383EDEDFC0 /* [CP] Check Pods Manifest.lock */ = {
			isa = PBXShellScriptBuildPhase;
			buildActionMask = 2147483647;
			files = (
			);
			inputFileListPaths = (
			);
			inputPaths = (
				"${PODS_PODFILE_DIR_PATH}/Podfile.lock",
				"${PODS_ROOT}/Manifest.lock",
			);
			name = "[CP] Check Pods Manifest.lock";
			outputFileListPaths = (
			);
			outputPaths = (
				"$(DERIVED_FILE_DIR)/Pods-Stocker-checkManifestLockResult.txt",
			);
			runOnlyForDeploymentPostprocessing = 0;
			shellPath = /bin/sh;
			shellScript = "diff \"${PODS_PODFILE_DIR_PATH}/Podfile.lock\" \"${PODS_ROOT}/Manifest.lock\" > /dev/null\nif [ $? != 0 ] ; then\n    # print error to STDERR\n    echo \"error: The sandbox is not in sync with the Podfile.lock. Run 'pod install' or update your CocoaPods installation.\" >&2\n    exit 1\nfi\n# This output is used by Xcode 'outputs' to avoid re-running this script phase.\necho \"SUCCESS\" > \"${SCRIPT_OUTPUT_FILE_0}\"\n";
			showEnvVarsInLog = 0;
		};
		D7F6CA3FB7FB92FE878D9343 /* [CP] Check Pods Manifest.lock */ = {
			isa = PBXShellScriptBuildPhase;
			buildActionMask = 2147483647;
			files = (
			);
			inputFileListPaths = (
			);
			inputPaths = (
				"${PODS_PODFILE_DIR_PATH}/Podfile.lock",
				"${PODS_ROOT}/Manifest.lock",
			);
			name = "[CP] Check Pods Manifest.lock";
			outputFileListPaths = (
			);
			outputPaths = (
				"$(DERIVED_FILE_DIR)/Pods-StockerTests-checkManifestLockResult.txt",
			);
			runOnlyForDeploymentPostprocessing = 0;
			shellPath = /bin/sh;
			shellScript = "diff \"${PODS_PODFILE_DIR_PATH}/Podfile.lock\" \"${PODS_ROOT}/Manifest.lock\" > /dev/null\nif [ $? != 0 ] ; then\n    # print error to STDERR\n    echo \"error: The sandbox is not in sync with the Podfile.lock. Run 'pod install' or update your CocoaPods installation.\" >&2\n    exit 1\nfi\n# This output is used by Xcode 'outputs' to avoid re-running this script phase.\necho \"SUCCESS\" > \"${SCRIPT_OUTPUT_FILE_0}\"\n";
			showEnvVarsInLog = 0;
		};
		DD5FF929456AE47CAA634ED7 /* [CP] Embed Pods Frameworks */ = {
			isa = PBXShellScriptBuildPhase;
			buildActionMask = 2147483647;
			files = (
			);
			inputFileListPaths = (
				"${PODS_ROOT}/Target Support Files/Pods-Stocker/Pods-Stocker-frameworks-${CONFIGURATION}-input-files.xcfilelist",
			);
			name = "[CP] Embed Pods Frameworks";
			outputFileListPaths = (
				"${PODS_ROOT}/Target Support Files/Pods-Stocker/Pods-Stocker-frameworks-${CONFIGURATION}-output-files.xcfilelist",
			);
			runOnlyForDeploymentPostprocessing = 0;
			shellPath = /bin/sh;
			shellScript = "\"${PODS_ROOT}/Target Support Files/Pods-Stocker/Pods-Stocker-frameworks.sh\"\n";
			showEnvVarsInLog = 0;
		};
		EED52D78262392040FCE4D2A /* [CP] Embed Pods Frameworks */ = {
			isa = PBXShellScriptBuildPhase;
			buildActionMask = 2147483647;
			files = (
			);
			inputFileListPaths = (
				"${PODS_ROOT}/Target Support Files/Pods-StockerTests/Pods-StockerTests-frameworks-${CONFIGURATION}-input-files.xcfilelist",
			);
			name = "[CP] Embed Pods Frameworks";
			outputFileListPaths = (
				"${PODS_ROOT}/Target Support Files/Pods-StockerTests/Pods-StockerTests-frameworks-${CONFIGURATION}-output-files.xcfilelist",
			);
			runOnlyForDeploymentPostprocessing = 0;
			shellPath = /bin/sh;
			shellScript = "\"${PODS_ROOT}/Target Support Files/Pods-StockerTests/Pods-StockerTests-frameworks.sh\"\n";
			showEnvVarsInLog = 0;
		};
/* End PBXShellScriptBuildPhase section */

/* Begin PBXSourcesBuildPhase section */
		5245609123FC7685003686BE /* Sources */ = {
			isa = PBXSourcesBuildPhase;
			buildActionMask = 2147483647;
			files = (
				C708ED0E2444AFDD00FC9425 /* BalanceSheet.swift in Sources */,
				C71E95C72426BE09005A2DC7 /* AccessoryView.swift in Sources */,
				C764584424F30EDC00E332C0 /* IntrinsicValueViewController.swift in Sources */,
				52D9B1BB24292CCF00E67BF2 /* Profile.swift in Sources */,
				C71E38842438312200E9A84B /* FilterType.swift in Sources */,
				52D0CC502447577300C36300 /* SimpleGrowthChart.swift in Sources */,
				52108CDB241FCA7C000A472B /* GrowthMetrics.swift in Sources */,
				C708ED122444E6E100FC9425 /* FinancialsViewController.swift in Sources */,
				C71BBD03243A68F000486528 /* ListViewController+SortFilter.swift in Sources */,
				52D9B1BF242932F300E67BF2 /* SortViewController.swift in Sources */,
				C76C3ECA2500A16D004BA76B /* PreferredMetricsTable.swift in Sources */,
				C71E38822438310000E9A84B /* CapFilter.swift in Sources */,
				C71E3872243800BB00E9A84B /* FilterView.swift in Sources */,
				52A5E017242BDCDF00C25872 /* IntrinsicValue.swift in Sources */,
				C71E387C24381CEB00E9A84B /* Base.swift in Sources */,
				C72BEB9F245774C3000E7129 /* AuthenticationManager.swift in Sources */,
				52D0CC4E24464EE400C36300 /* PeriodicValueChangeViewController.swift in Sources */,
				C71E3880243830E500E9A84B /* ProfitabilityFilter.swift in Sources */,
				5245609D23FC7685003686BE /* ListViewController.swift in Sources */,
				524560CB23FDDB68003686BE /* Networking.swift in Sources */,
				52D9B1C22429351500E67BF2 /* SortView.swift in Sources */,
				52A5E019242BEFB000C25872 /* StockDetailViewController.swift in Sources */,
				52D0CC4A2446377800C36300 /* CashFlows.swift in Sources */,
				C74ABB5A245740C6002FF441 /* SubscriptionCell.swift in Sources */,
				C72461DD250E4234005FF9E3 /* MetricController.swift in Sources */,
				52D65F2D2433AC0C00647074 /* GrowthTable.swift in Sources */,
				C71E95B42401F122005A2DC7 /* StockCell.swift in Sources */,
				52D0CC59245B009C00C36300 /* DatabaseManager.swift in Sources */,
				5245609923FC7685003686BE /* AppDelegate.swift in Sources */,
				524560C923FDD7FC003686BE /* Stock.swift in Sources */,
				C71BBD0024393D4B00486528 /* SectorFilterView.swift in Sources */,
				C71E95C52426BDBF005A2DC7 /* FilterViewController.swift in Sources */,
				C72461DB250DC74C005FF9E3 /* Metrics.swift in Sources */,
				C708ED142445E60500FC9425 /* IncomeStatement.swift in Sources */,
				C764584624F3511E00E332C0 /* StockInfoHeader.swift in Sources */,
				C72BEB97245763AC000E7129 /* LoginViewController.swift in Sources */,
				C71E387A2438175D00E9A84B /* FilterPageViewController.swift in Sources */,
				C72BEB94245761D9000E7129 /* WelcomeViewController.swift in Sources */,
				C71E3878243813D600E9A84B /* FilterSectorViewController.swift in Sources */,
				52108CD9241FCA39000A472B /* KeyMetrics.swift in Sources */,
				52D9B1B924292C9700E67BF2 /* Ticker.swift in Sources */,
				C71E3874243801BF00E9A84B /* DrillDownView.swift in Sources */,
				C7A22BC624F9B744007F93D3 /* FinancialRatios.swift in Sources */,
				52108D282421661F000A472B /* Util.swift in Sources */,
				C71E38762438134300E9A84B /* FilterProfitabilityViewController.swift in Sources */,
				529B645C2433C64B00C806C0 /* StocksViewModel.swift in Sources */,
				C72BEB92245747D6000E7129 /* Router.swift in Sources */,
				C71E38702437971C00E9A84B /* FilterCapViewController.swift in Sources */,
				C71E95B92421BA25005A2DC7 /* LoadingViewController.swift in Sources */,
				52D9B1BD24292D0B00E67BF2 /* Filter.swift in Sources */,
				52108CDD241FCB5E000A472B /* Stock+Api.swift in Sources */,
				C76C3ECC250C3BC0004BA76B /* DetailedGrowthChart.swift in Sources */,
				C74ABB54245229C3002FF441 /* SubscriptionViewController.swift in Sources */,
				5245609B23FC7685003686BE /* SceneDelegate.swift in Sources */,
				C71E387E243830BC00E9A84B /* SectorFilter.swift in Sources */,
				52D0CC5424476D0100C36300 /* StockDetailHelpers.swift in Sources */,
				C72BEB9924576518000E7129 /* SignUpViewController.swift in Sources */,
				C74ABB5724573F5E002FF441 /* SubscriptionManager.swift in Sources */,
			);
			runOnlyForDeploymentPostprocessing = 0;
		};
		524560A723FC7687003686BE /* Sources */ = {
			isa = PBXSourcesBuildPhase;
			buildActionMask = 2147483647;
			files = (
				524560B023FC7687003686BE /* stocksTests.swift in Sources */,
			);
			runOnlyForDeploymentPostprocessing = 0;
		};
		524560B223FC7687003686BE /* Sources */ = {
			isa = PBXSourcesBuildPhase;
			buildActionMask = 2147483647;
			files = (
				524560BB23FC7687003686BE /* stocksUITests.swift in Sources */,
			);
			runOnlyForDeploymentPostprocessing = 0;
		};
/* End PBXSourcesBuildPhase section */

/* Begin PBXTargetDependency section */
		524560AD23FC7687003686BE /* PBXTargetDependency */ = {
			isa = PBXTargetDependency;
			target = 5245609423FC7685003686BE /* Stocker */;
			targetProxy = 524560AC23FC7687003686BE /* PBXContainerItemProxy */;
		};
		524560B823FC7687003686BE /* PBXTargetDependency */ = {
			isa = PBXTargetDependency;
			target = 5245609423FC7685003686BE /* Stocker */;
			targetProxy = 524560B723FC7687003686BE /* PBXContainerItemProxy */;
		};
/* End PBXTargetDependency section */

/* Begin XCBuildConfiguration section */
		524560BD23FC7687003686BE /* Debug */ = {
			isa = XCBuildConfiguration;
			buildSettings = {
				ALWAYS_SEARCH_USER_PATHS = NO;
				CLANG_ANALYZER_NONNULL = YES;
				CLANG_ANALYZER_NUMBER_OBJECT_CONVERSION = YES_AGGRESSIVE;
				CLANG_CXX_LANGUAGE_STANDARD = "gnu++14";
				CLANG_CXX_LIBRARY = "libc++";
				CLANG_ENABLE_MODULES = YES;
				CLANG_ENABLE_OBJC_ARC = YES;
				CLANG_ENABLE_OBJC_WEAK = YES;
				CLANG_WARN_BLOCK_CAPTURE_AUTORELEASING = YES;
				CLANG_WARN_BOOL_CONVERSION = YES;
				CLANG_WARN_COMMA = YES;
				CLANG_WARN_CONSTANT_CONVERSION = YES;
				CLANG_WARN_DEPRECATED_OBJC_IMPLEMENTATIONS = YES;
				CLANG_WARN_DIRECT_OBJC_ISA_USAGE = YES_ERROR;
				CLANG_WARN_DOCUMENTATION_COMMENTS = YES;
				CLANG_WARN_EMPTY_BODY = YES;
				CLANG_WARN_ENUM_CONVERSION = YES;
				CLANG_WARN_INFINITE_RECURSION = YES;
				CLANG_WARN_INT_CONVERSION = YES;
				CLANG_WARN_NON_LITERAL_NULL_CONVERSION = YES;
				CLANG_WARN_OBJC_IMPLICIT_RETAIN_SELF = YES;
				CLANG_WARN_OBJC_LITERAL_CONVERSION = YES;
				CLANG_WARN_OBJC_ROOT_CLASS = YES_ERROR;
				CLANG_WARN_RANGE_LOOP_ANALYSIS = YES;
				CLANG_WARN_STRICT_PROTOTYPES = YES;
				CLANG_WARN_SUSPICIOUS_MOVE = YES;
				CLANG_WARN_UNGUARDED_AVAILABILITY = YES_AGGRESSIVE;
				CLANG_WARN_UNREACHABLE_CODE = YES;
				CLANG_WARN__DUPLICATE_METHOD_MATCH = YES;
				COPY_PHASE_STRIP = NO;
				DEBUG_INFORMATION_FORMAT = dwarf;
				ENABLE_STRICT_OBJC_MSGSEND = YES;
				ENABLE_TESTABILITY = YES;
				GCC_C_LANGUAGE_STANDARD = gnu11;
				GCC_DYNAMIC_NO_PIC = NO;
				GCC_NO_COMMON_BLOCKS = YES;
				GCC_OPTIMIZATION_LEVEL = 0;
				GCC_PREPROCESSOR_DEFINITIONS = (
					"DEBUG=1",
					"$(inherited)",
				);
				GCC_WARN_64_TO_32_BIT_CONVERSION = YES;
				GCC_WARN_ABOUT_RETURN_TYPE = YES_ERROR;
				GCC_WARN_UNDECLARED_SELECTOR = YES;
				GCC_WARN_UNINITIALIZED_AUTOS = YES_AGGRESSIVE;
				GCC_WARN_UNUSED_FUNCTION = YES;
				GCC_WARN_UNUSED_VARIABLE = YES;
				IPHONEOS_DEPLOYMENT_TARGET = 13.2;
				MTL_ENABLE_DEBUG_INFO = INCLUDE_SOURCE;
				MTL_FAST_MATH = YES;
				ONLY_ACTIVE_ARCH = YES;
				SDKROOT = iphoneos;
				SWIFT_ACTIVE_COMPILATION_CONDITIONS = DEBUG;
				SWIFT_OPTIMIZATION_LEVEL = "-Onone";
			};
			name = Debug;
		};
		524560BE23FC7687003686BE /* Release */ = {
			isa = XCBuildConfiguration;
			buildSettings = {
				ALWAYS_SEARCH_USER_PATHS = NO;
				CLANG_ANALYZER_NONNULL = YES;
				CLANG_ANALYZER_NUMBER_OBJECT_CONVERSION = YES_AGGRESSIVE;
				CLANG_CXX_LANGUAGE_STANDARD = "gnu++14";
				CLANG_CXX_LIBRARY = "libc++";
				CLANG_ENABLE_MODULES = YES;
				CLANG_ENABLE_OBJC_ARC = YES;
				CLANG_ENABLE_OBJC_WEAK = YES;
				CLANG_WARN_BLOCK_CAPTURE_AUTORELEASING = YES;
				CLANG_WARN_BOOL_CONVERSION = YES;
				CLANG_WARN_COMMA = YES;
				CLANG_WARN_CONSTANT_CONVERSION = YES;
				CLANG_WARN_DEPRECATED_OBJC_IMPLEMENTATIONS = YES;
				CLANG_WARN_DIRECT_OBJC_ISA_USAGE = YES_ERROR;
				CLANG_WARN_DOCUMENTATION_COMMENTS = YES;
				CLANG_WARN_EMPTY_BODY = YES;
				CLANG_WARN_ENUM_CONVERSION = YES;
				CLANG_WARN_INFINITE_RECURSION = YES;
				CLANG_WARN_INT_CONVERSION = YES;
				CLANG_WARN_NON_LITERAL_NULL_CONVERSION = YES;
				CLANG_WARN_OBJC_IMPLICIT_RETAIN_SELF = YES;
				CLANG_WARN_OBJC_LITERAL_CONVERSION = YES;
				CLANG_WARN_OBJC_ROOT_CLASS = YES_ERROR;
				CLANG_WARN_RANGE_LOOP_ANALYSIS = YES;
				CLANG_WARN_STRICT_PROTOTYPES = YES;
				CLANG_WARN_SUSPICIOUS_MOVE = YES;
				CLANG_WARN_UNGUARDED_AVAILABILITY = YES_AGGRESSIVE;
				CLANG_WARN_UNREACHABLE_CODE = YES;
				CLANG_WARN__DUPLICATE_METHOD_MATCH = YES;
				COPY_PHASE_STRIP = NO;
				DEBUG_INFORMATION_FORMAT = "dwarf-with-dsym";
				ENABLE_NS_ASSERTIONS = NO;
				ENABLE_STRICT_OBJC_MSGSEND = YES;
				GCC_C_LANGUAGE_STANDARD = gnu11;
				GCC_NO_COMMON_BLOCKS = YES;
				GCC_WARN_64_TO_32_BIT_CONVERSION = YES;
				GCC_WARN_ABOUT_RETURN_TYPE = YES_ERROR;
				GCC_WARN_UNDECLARED_SELECTOR = YES;
				GCC_WARN_UNINITIALIZED_AUTOS = YES_AGGRESSIVE;
				GCC_WARN_UNUSED_FUNCTION = YES;
				GCC_WARN_UNUSED_VARIABLE = YES;
				IPHONEOS_DEPLOYMENT_TARGET = 13.2;
				MTL_ENABLE_DEBUG_INFO = NO;
				MTL_FAST_MATH = YES;
				SDKROOT = iphoneos;
				SWIFT_COMPILATION_MODE = wholemodule;
				SWIFT_OPTIMIZATION_LEVEL = "-O";
				VALIDATE_PRODUCT = YES;
			};
			name = Release;
		};
		524560C023FC7687003686BE /* Debug */ = {
			isa = XCBuildConfiguration;
			baseConfigurationReference = 5601BB24DE801047FACEF69C /* Pods-Stocker.debug.xcconfig */;
			buildSettings = {
				ASSETCATALOG_COMPILER_APPICON_NAME = AppIcon;
				CODE_SIGN_STYLE = Automatic;
				DEVELOPMENT_TEAM = 73B4229N3R;
				INFOPLIST_FILE = stocks/Info.plist;
				LD_RUNPATH_SEARCH_PATHS = (
					"$(inherited)",
					"@executable_path/Frameworks",
				);
				PRODUCT_BUNDLE_IDENTIFIER = com.mpeshevski.stocker;
				PRODUCT_NAME = Stocker;
				SWIFT_VERSION = 5.0;
				TARGETED_DEVICE_FAMILY = "1,2";
			};
			name = Debug;
		};
		524560C123FC7687003686BE /* Release */ = {
			isa = XCBuildConfiguration;
			baseConfigurationReference = 231B21C151FA2EE10854E6BF /* Pods-Stocker.release.xcconfig */;
			buildSettings = {
				ASSETCATALOG_COMPILER_APPICON_NAME = AppIcon;
				CODE_SIGN_STYLE = Automatic;
				DEVELOPMENT_TEAM = 73B4229N3R;
				INFOPLIST_FILE = stocks/Info.plist;
				LD_RUNPATH_SEARCH_PATHS = (
					"$(inherited)",
					"@executable_path/Frameworks",
				);
				PRODUCT_BUNDLE_IDENTIFIER = com.mpeshevski.stocker;
				PRODUCT_NAME = Stocker;
				SWIFT_VERSION = 5.0;
				TARGETED_DEVICE_FAMILY = "1,2";
			};
			name = Release;
		};
		524560C323FC7687003686BE /* Debug */ = {
			isa = XCBuildConfiguration;
			baseConfigurationReference = F20D1D09FBAF3157FD30F77D /* Pods-StockerTests.debug.xcconfig */;
			buildSettings = {
				ALWAYS_EMBED_SWIFT_STANDARD_LIBRARIES = YES;
				BUNDLE_LOADER = "$(TEST_HOST)";
				CODE_SIGN_STYLE = Automatic;
				DEVELOPMENT_TEAM = YJPA36WMX9;
				INFOPLIST_FILE = stocksTests/Info.plist;
				IPHONEOS_DEPLOYMENT_TARGET = 13.2;
				LD_RUNPATH_SEARCH_PATHS = (
					"$(inherited)",
					"@executable_path/Frameworks",
					"@loader_path/Frameworks",
				);
				PRODUCT_BUNDLE_IDENTIFIER = fundrise.stocksTests;
				PRODUCT_NAME = "$(TARGET_NAME)";
				SWIFT_VERSION = 5.0;
				TARGETED_DEVICE_FAMILY = "1,2";
				TEST_HOST = "$(BUILT_PRODUCTS_DIR)/Stocker.app/Stocker";
			};
			name = Debug;
		};
		524560C423FC7687003686BE /* Release */ = {
			isa = XCBuildConfiguration;
			baseConfigurationReference = F07714A4AFC2055CABEB9ADF /* Pods-StockerTests.release.xcconfig */;
			buildSettings = {
				ALWAYS_EMBED_SWIFT_STANDARD_LIBRARIES = YES;
				BUNDLE_LOADER = "$(TEST_HOST)";
				CODE_SIGN_STYLE = Automatic;
				DEVELOPMENT_TEAM = YJPA36WMX9;
				INFOPLIST_FILE = stocksTests/Info.plist;
				IPHONEOS_DEPLOYMENT_TARGET = 13.2;
				LD_RUNPATH_SEARCH_PATHS = (
					"$(inherited)",
					"@executable_path/Frameworks",
					"@loader_path/Frameworks",
				);
				PRODUCT_BUNDLE_IDENTIFIER = fundrise.stocksTests;
				PRODUCT_NAME = "$(TARGET_NAME)";
				SWIFT_VERSION = 5.0;
				TARGETED_DEVICE_FAMILY = "1,2";
				TEST_HOST = "$(BUILT_PRODUCTS_DIR)/Stocker.app/Stocker";
			};
			name = Release;
		};
		524560C623FC7687003686BE /* Debug */ = {
			isa = XCBuildConfiguration;
			baseConfigurationReference = 45A2574688D447315D2D89D6 /* Pods-Stocker-StockerUITests.debug.xcconfig */;
			buildSettings = {
				ALWAYS_EMBED_SWIFT_STANDARD_LIBRARIES = YES;
				CODE_SIGN_STYLE = Automatic;
				DEVELOPMENT_TEAM = YJPA36WMX9;
				INFOPLIST_FILE = stocksUITests/Info.plist;
				LD_RUNPATH_SEARCH_PATHS = (
					"$(inherited)",
					"@executable_path/Frameworks",
					"@loader_path/Frameworks",
				);
				PRODUCT_BUNDLE_IDENTIFIER = fundrise.stocksUITests;
				PRODUCT_NAME = "$(TARGET_NAME)";
				SWIFT_VERSION = 5.0;
				TARGETED_DEVICE_FAMILY = "1,2";
				TEST_TARGET_NAME = stocks;
			};
			name = Debug;
		};
		524560C723FC7687003686BE /* Release */ = {
			isa = XCBuildConfiguration;
			baseConfigurationReference = 4B8A75072056E05202B1FD64 /* Pods-Stocker-StockerUITests.release.xcconfig */;
			buildSettings = {
				ALWAYS_EMBED_SWIFT_STANDARD_LIBRARIES = YES;
				CODE_SIGN_STYLE = Automatic;
				DEVELOPMENT_TEAM = YJPA36WMX9;
				INFOPLIST_FILE = stocksUITests/Info.plist;
				LD_RUNPATH_SEARCH_PATHS = (
					"$(inherited)",
					"@executable_path/Frameworks",
					"@loader_path/Frameworks",
				);
				PRODUCT_BUNDLE_IDENTIFIER = fundrise.stocksUITests;
				PRODUCT_NAME = "$(TARGET_NAME)";
				SWIFT_VERSION = 5.0;
				TARGETED_DEVICE_FAMILY = "1,2";
				TEST_TARGET_NAME = stocks;
			};
			name = Release;
		};
/* End XCBuildConfiguration section */

/* Begin XCConfigurationList section */
		5245609023FC7685003686BE /* Build configuration list for PBXProject "Stocker" */ = {
			isa = XCConfigurationList;
			buildConfigurations = (
				524560BD23FC7687003686BE /* Debug */,
				524560BE23FC7687003686BE /* Release */,
			);
			defaultConfigurationIsVisible = 0;
			defaultConfigurationName = Release;
		};
		524560BF23FC7687003686BE /* Build configuration list for PBXNativeTarget "Stocker" */ = {
			isa = XCConfigurationList;
			buildConfigurations = (
				524560C023FC7687003686BE /* Debug */,
				524560C123FC7687003686BE /* Release */,
			);
			defaultConfigurationIsVisible = 0;
			defaultConfigurationName = Release;
		};
		524560C223FC7687003686BE /* Build configuration list for PBXNativeTarget "StockerTests" */ = {
			isa = XCConfigurationList;
			buildConfigurations = (
				524560C323FC7687003686BE /* Debug */,
				524560C423FC7687003686BE /* Release */,
			);
			defaultConfigurationIsVisible = 0;
			defaultConfigurationName = Release;
		};
		524560C523FC7687003686BE /* Build configuration list for PBXNativeTarget "StockerUITests" */ = {
			isa = XCConfigurationList;
			buildConfigurations = (
				524560C623FC7687003686BE /* Debug */,
				524560C723FC7687003686BE /* Release */,
			);
			defaultConfigurationIsVisible = 0;
			defaultConfigurationName = Release;
		};
/* End XCConfigurationList section */
	};
	rootObject = 5245608D23FC7685003686BE /* Project object */;
}
